
Microsoft Visual Studio Solution File, Format Version 12.00
# Visual Studio 2013
VisualStudioVersion = 12.0.21005.1
MinimumVisualStudioVersion = 10.0.40219.1
Project("{FAE04EC0-301F-11D3-BF4B-00C04F79EFBC}") = "OriginacionWeb", "OriginacionWeb\OriginacionWeb.csproj", "{29C62709-896B-48C6-A6F4-4414681D762C}"
EndProject
Project("{FAE04EC0-301F-11D3-BF4B-00C04F79EFBC}") = "PubliPayments.Negocios.Originacion", "..\..\Dlls\PubliPayments.Negocios.Originacion\PubliPayments.Negocios.Originacion\PubliPayments.Negocios.Originacion.csproj", "{7550FE9E-394B-43B1-ABF7-227ACD06B87C}"
EndProject
Project("{FAE04EC0-301F-11D3-BF4B-00C04F79EFBC}") = "OriginacionMovil.Models", "OriginacionWeb.Models\OriginacionMovil.Models\OriginacionMovil.Models.csproj", "{51438476-F534-478F-B514-FAA342E8C38F}"
EndProject
Project("{FAE04EC0-301F-11D3-BF4B-00C04F79EFBC}") = "PubliPayments.Entidades.Originacion", "..\..\Dlls\PubliPayments.Entidades.Originacion\PubliPayments.Entidades.Originacion\PubliPayments.Entidades.Originacion.csproj", "{3033DEDB-484C-4BE5-9818-A913F4A01027}"
EndProject
Project("{2150E333-8FDC-42A3-9474-1A3956D46DE8}") = ".nuget", ".nuget", "{6A9F15F5-9E9C-4287-B520-EE1B68F3BD49}"
	ProjectSection(SolutionItems) = preProject
		.nuget\NuGet.Config = .nuget\NuGet.Config
		.nuget\NuGet.exe = .nuget\NuGet.exe
		.nuget\NuGet.targets = .nuget\NuGet.targets
	EndProjectSection
EndProject
Project("{FAE04EC0-301F-11D3-BF4B-00C04F79EFBC}") = "PubliPayments.Entidades", "..\..\Dlls\PubliPayments.Entidades\PubliPayments.Entidades.csproj", "{0631A9F7-6889-42FE-A703-527100E6368C}"
EndProject
Project("{FAE04EC0-301F-11D3-BF4B-00C04F79EFBC}") = "PubliPayments.Utiles", "..\..\Dlls\PubliPayments.Utiles\PubliPayments.Utiles.csproj", "{549FAED2-8D20-4116-BAED-AAD8FB2E3D7C}"
EndProject
Project("{FAE04EC0-301F-11D3-BF4B-00C04F79EFBC}") = "PubliPayments.Negocios", "..\..\Dlls\PubliPayments.Negocios\PubliPayments.Negocios.csproj", "{B8D6CC17-BA3F-49BC-967E-F0995B6FFF7B}"
EndProject
Global
	GlobalSection(SolutionConfigurationPlatforms) = preSolution
		Debug|Any CPU = Debug|Any CPU
		OriginacionMovil|Any CPU = OriginacionMovil|Any CPU
		OriginacionMovilTest|Any CPU = OriginacionMovilTest|Any CPU
		portalPPMTest|Any CPU = portalPPMTest|Any CPU
		PortalPPTest|Any CPU = PortalPPTest|Any CPU
		PPMTest|Any CPU = PPMTest|Any CPU
		PublipaymentsCapacitacion|Any CPU = PublipaymentsCapacitacion|Any CPU
		PubliPaymentsTest|Any CPU = PubliPaymentsTest|Any CPU
		Release|Any CPU = Release|Any CPU
		SIRA|Any CPU = SIRA|Any CPU
		SiraComercial|Any CPU = SiraComercial|Any CPU
	EndGlobalSection
	GlobalSection(ProjectConfigurationPlatforms) = postSolution
		{29C62709-896B-48C6-A6F4-4414681D762C}.Debug|Any CPU.ActiveCfg = Debug|Any CPU
		{29C62709-896B-48C6-A6F4-4414681D762C}.Debug|Any CPU.Build.0 = Debug|Any CPU
		{29C62709-896B-48C6-A6F4-4414681D762C}.OriginacionMovil|Any CPU.ActiveCfg = Release|Any CPU
		{29C62709-896B-48C6-A6F4-4414681D762C}.OriginacionMovil|Any CPU.Build.0 = Release|Any CPU
		{29C62709-896B-48C6-A6F4-4414681D762C}.OriginacionMovilTest|Any CPU.ActiveCfg = Release|Any CPU
		{29C62709-896B-48C6-A6F4-4414681D762C}.OriginacionMovilTest|Any CPU.Build.0 = Release|Any CPU
		{29C62709-896B-48C6-A6F4-4414681D762C}.portalPPMTest|Any CPU.ActiveCfg = Release|Any CPU
		{29C62709-896B-48C6-A6F4-4414681D762C}.portalPPMTest|Any CPU.Build.0 = Release|Any CPU
		{29C62709-896B-48C6-A6F4-4414681D762C}.PortalPPTest|Any CPU.ActiveCfg = Release|Any CPU
		{29C62709-896B-48C6-A6F4-4414681D762C}.PortalPPTest|Any CPU.Build.0 = Release|Any CPU
		{29C62709-896B-48C6-A6F4-4414681D762C}.PPMTest|Any CPU.ActiveCfg = Release|Any CPU
		{29C62709-896B-48C6-A6F4-4414681D762C}.PPMTest|Any CPU.Build.0 = Release|Any CPU
		{29C62709-896B-48C6-A6F4-4414681D762C}.PublipaymentsCapacitacion|Any CPU.ActiveCfg = Release|Any CPU
		{29C62709-896B-48C6-A6F4-4414681D762C}.PublipaymentsCapacitacion|Any CPU.Build.0 = Release|Any CPU
		{29C62709-896B-48C6-A6F4-4414681D762C}.PubliPaymentsTest|Any CPU.ActiveCfg = Release|Any CPU
		{29C62709-896B-48C6-A6F4-4414681D762C}.PubliPaymentsTest|Any CPU.Build.0 = Release|Any CPU
		{29C62709-896B-48C6-A6F4-4414681D762C}.Release|Any CPU.ActiveCfg = Release|Any CPU
		{29C62709-896B-48C6-A6F4-4414681D762C}.Release|Any CPU.Build.0 = Release|Any CPU
		{29C62709-896B-48C6-A6F4-4414681D762C}.SIRA|Any CPU.ActiveCfg = Release|Any CPU
		{29C62709-896B-48C6-A6F4-4414681D762C}.SIRA|Any CPU.Build.0 = Release|Any CPU
		{29C62709-896B-48C6-A6F4-4414681D762C}.SiraComercial|Any CPU.ActiveCfg = Release|Any CPU
		{29C62709-896B-48C6-A6F4-4414681D762C}.SiraComercial|Any CPU.Build.0 = Release|Any CPU
		{7550FE9E-394B-43B1-ABF7-227ACD06B87C}.Debug|Any CPU.ActiveCfg = Debug|Any CPU
		{7550FE9E-394B-43B1-ABF7-227ACD06B87C}.Debug|Any CPU.Build.0 = Debug|Any CPU
		{7550FE9E-394B-43B1-ABF7-227ACD06B87C}.OriginacionMovil|Any CPU.ActiveCfg = PPMTest|Any CPU
		{7550FE9E-394B-43B1-ABF7-227ACD06B87C}.OriginacionMovil|Any CPU.Build.0 = PPMTest|Any CPU
		{7550FE9E-394B-43B1-ABF7-227ACD06B87C}.OriginacionMovilTest|Any CPU.ActiveCfg = PPMTest|Any CPU
		{7550FE9E-394B-43B1-ABF7-227ACD06B87C}.OriginacionMovilTest|Any CPU.Build.0 = PPMTest|Any CPU
		{7550FE9E-394B-43B1-ABF7-227ACD06B87C}.portalPPMTest|Any CPU.ActiveCfg = PPMTest|Any CPU
		{7550FE9E-394B-43B1-ABF7-227ACD06B87C}.portalPPMTest|Any CPU.Build.0 = PPMTest|Any CPU
		{7550FE9E-394B-43B1-ABF7-227ACD06B87C}.PortalPPTest|Any CPU.ActiveCfg = PPMTest|Any CPU
		{7550FE9E-394B-43B1-ABF7-227ACD06B87C}.PortalPPTest|Any CPU.Build.0 = PPMTest|Any CPU
		{7550FE9E-394B-43B1-ABF7-227ACD06B87C}.PPMTest|Any CPU.ActiveCfg = PPMTest|Any CPU
		{7550FE9E-394B-43B1-ABF7-227ACD06B87C}.PPMTest|Any CPU.Build.0 = PPMTest|Any CPU
		{7550FE9E-394B-43B1-ABF7-227ACD06B87C}.PublipaymentsCapacitacion|Any CPU.ActiveCfg = PPMTest|Any CPU
		{7550FE9E-394B-43B1-ABF7-227ACD06B87C}.PublipaymentsCapacitacion|Any CPU.Build.0 = PPMTest|Any CPU
		{7550FE9E-394B-43B1-ABF7-227ACD06B87C}.PubliPaymentsTest|Any CPU.ActiveCfg = PPMTest|Any CPU
		{7550FE9E-394B-43B1-ABF7-227ACD06B87C}.PubliPaymentsTest|Any CPU.Build.0 = PPMTest|Any CPU
		{7550FE9E-394B-43B1-ABF7-227ACD06B87C}.Release|Any CPU.ActiveCfg = Release|Any CPU
		{7550FE9E-394B-43B1-ABF7-227ACD06B87C}.Release|Any CPU.Build.0 = Release|Any CPU
		{7550FE9E-394B-43B1-ABF7-227ACD06B87C}.SIRA|Any CPU.ActiveCfg = PPMTest|Any CPU
		{7550FE9E-394B-43B1-ABF7-227ACD06B87C}.SIRA|Any CPU.Build.0 = PPMTest|Any CPU
		{7550FE9E-394B-43B1-ABF7-227ACD06B87C}.SiraComercial|Any CPU.ActiveCfg = PPMTest|Any CPU
		{7550FE9E-394B-43B1-ABF7-227ACD06B87C}.SiraComercial|Any CPU.Build.0 = PPMTest|Any CPU
		{51438476-F534-478F-B514-FAA342E8C38F}.Debug|Any CPU.ActiveCfg = Debug|Any CPU
		{51438476-F534-478F-B514-FAA342E8C38F}.Debug|Any CPU.Build.0 = Debug|Any CPU
		{51438476-F534-478F-B514-FAA342E8C38F}.OriginacionMovil|Any CPU.ActiveCfg = Release|Any CPU
		{51438476-F534-478F-B514-FAA342E8C38F}.OriginacionMovil|Any CPU.Build.0 = Release|Any CPU
		{51438476-F534-478F-B514-FAA342E8C38F}.OriginacionMovilTest|Any CPU.ActiveCfg = Release|Any CPU
		{51438476-F534-478F-B514-FAA342E8C38F}.OriginacionMovilTest|Any CPU.Build.0 = Release|Any CPU
		{51438476-F534-478F-B514-FAA342E8C38F}.portalPPMTest|Any CPU.ActiveCfg = Release|Any CPU
		{51438476-F534-478F-B514-FAA342E8C38F}.portalPPMTest|Any CPU.Build.0 = Release|Any CPU
		{51438476-F534-478F-B514-FAA342E8C38F}.PortalPPTest|Any CPU.ActiveCfg = Release|Any CPU
		{51438476-F534-478F-B514-FAA342E8C38F}.PortalPPTest|Any CPU.Build.0 = Release|Any CPU
		{51438476-F534-478F-B514-FAA342E8C38F}.PPMTest|Any CPU.ActiveCfg = Release|Any CPU
		{51438476-F534-478F-B514-FAA342E8C38F}.PPMTest|Any CPU.Build.0 = Release|Any CPU
		{51438476-F534-478F-B514-FAA342E8C38F}.PublipaymentsCapacitacion|Any CPU.ActiveCfg = Release|Any CPU
		{51438476-F534-478F-B514-FAA342E8C38F}.PublipaymentsCapacitacion|Any CPU.Build.0 = Release|Any CPU
		{51438476-F534-478F-B514-FAA342E8C38F}.PubliPaymentsTest|Any CPU.ActiveCfg = Release|Any CPU
		{51438476-F534-478F-B514-FAA342E8C38F}.PubliPaymentsTest|Any CPU.Build.0 = Release|Any CPU
		{51438476-F534-478F-B514-FAA342E8C38F}.Release|Any CPU.ActiveCfg = Release|Any CPU
		{51438476-F534-478F-B514-FAA342E8C38F}.Release|Any CPU.Build.0 = Release|Any CPU
		{51438476-F534-478F-B514-FAA342E8C38F}.SIRA|Any CPU.ActiveCfg = Release|Any CPU
		{51438476-F534-478F-B514-FAA342E8C38F}.SIRA|Any CPU.Build.0 = Release|Any CPU
		{51438476-F534-478F-B514-FAA342E8C38F}.SiraComercial|Any CPU.ActiveCfg = Release|Any CPU
		{51438476-F534-478F-B514-FAA342E8C38F}.SiraComercial|Any CPU.Build.0 = Release|Any CPU
		{3033DEDB-484C-4BE5-9818-A913F4A01027}.Debug|Any CPU.ActiveCfg = Debug|Any CPU
		{3033DEDB-484C-4BE5-9818-A913F4A01027}.Debug|Any CPU.Build.0 = Debug|Any CPU
		{3033DEDB-484C-4BE5-9818-A913F4A01027}.OriginacionMovil|Any CPU.ActiveCfg = PPMTest|Any CPU
		{3033DEDB-484C-4BE5-9818-A913F4A01027}.OriginacionMovil|Any CPU.Build.0 = PPMTest|Any CPU
		{3033DEDB-484C-4BE5-9818-A913F4A01027}.OriginacionMovilTest|Any CPU.ActiveCfg = PPMTest|Any CPU
		{3033DEDB-484C-4BE5-9818-A913F4A01027}.OriginacionMovilTest|Any CPU.Build.0 = PPMTest|Any CPU
		{3033DEDB-484C-4BE5-9818-A913F4A01027}.portalPPMTest|Any CPU.ActiveCfg = PPMTest|Any CPU
		{3033DEDB-484C-4BE5-9818-A913F4A01027}.portalPPMTest|Any CPU.Build.0 = PPMTest|Any CPU
		{3033DEDB-484C-4BE5-9818-A913F4A01027}.PortalPPTest|Any CPU.ActiveCfg = PPMTest|Any CPU
		{3033DEDB-484C-4BE5-9818-A913F4A01027}.PortalPPTest|Any CPU.Build.0 = PPMTest|Any CPU
		{3033DEDB-484C-4BE5-9818-A913F4A01027}.PPMTest|Any CPU.ActiveCfg = PPMTest|Any CPU
		{3033DEDB-484C-4BE5-9818-A913F4A01027}.PPMTest|Any CPU.Build.0 = PPMTest|Any CPU
		{3033DEDB-484C-4BE5-9818-A913F4A01027}.PublipaymentsCapacitacion|Any CPU.ActiveCfg = PPMTest|Any CPU
		{3033DEDB-484C-4BE5-9818-A913F4A01027}.PublipaymentsCapacitacion|Any CPU.Build.0 = PPMTest|Any CPU
		{3033DEDB-484C-4BE5-9818-A913F4A01027}.PubliPaymentsTest|Any CPU.ActiveCfg = PPMTest|Any CPU
		{3033DEDB-484C-4BE5-9818-A913F4A01027}.PubliPaymentsTest|Any CPU.Build.0 = PPMTest|Any CPU
		{3033DEDB-484C-4BE5-9818-A913F4A01027}.Release|Any CPU.ActiveCfg = Release|Any CPU
		{3033DEDB-484C-4BE5-9818-A913F4A01027}.Release|Any CPU.Build.0 = Release|Any CPU
		{3033DEDB-484C-4BE5-9818-A913F4A01027}.SIRA|Any CPU.ActiveCfg = PPMTest|Any CPU
		{3033DEDB-484C-4BE5-9818-A913F4A01027}.SIRA|Any CPU.Build.0 = PPMTest|Any CPU
		{3033DEDB-484C-4BE5-9818-A913F4A01027}.SiraComercial|Any CPU.ActiveCfg = PPMTest|Any CPU
		{3033DEDB-484C-4BE5-9818-A913F4A01027}.SiraComercial|Any CPU.Build.0 = PPMTest|Any CPU
		{0631A9F7-6889-42FE-A703-527100E6368C}.Debug|Any CPU.ActiveCfg = Debug|Any CPU
		{0631A9F7-6889-42FE-A703-527100E6368C}.Debug|Any CPU.Build.0 = Debug|Any CPU
		{0631A9F7-6889-42FE-A703-527100E6368C}.OriginacionMovil|Any CPU.ActiveCfg = OriginacionMovil|Any CPU
		{0631A9F7-6889-42FE-A703-527100E6368C}.OriginacionMovil|Any CPU.Build.0 = OriginacionMovil|Any CPU
		{0631A9F7-6889-42FE-A703-527100E6368C}.OriginacionMovilTest|Any CPU.ActiveCfg = OriginacionMovilTest|Any CPU
		{0631A9F7-6889-42FE-A703-527100E6368C}.OriginacionMovilTest|Any CPU.Build.0 = OriginacionMovilTest|Any CPU
		{0631A9F7-6889-42FE-A703-527100E6368C}.portalPPMTest|Any CPU.ActiveCfg = portalPPMTest|Any CPU
		{0631A9F7-6889-42FE-A703-527100E6368C}.portalPPMTest|Any CPU.Build.0 = portalPPMTest|Any CPU
		{0631A9F7-6889-42FE-A703-527100E6368C}.PortalPPTest|Any CPU.ActiveCfg = PortalPPTest|Any CPU
		{0631A9F7-6889-42FE-A703-527100E6368C}.PortalPPTest|Any CPU.Build.0 = PortalPPTest|Any CPU
		{0631A9F7-6889-42FE-A703-527100E6368C}.PPMTest|Any CPU.ActiveCfg = PPMTest|Any CPU
		{0631A9F7-6889-42FE-A703-527100E6368C}.PPMTest|Any CPU.Build.0 = PPMTest|Any CPU
		{0631A9F7-6889-42FE-A703-527100E6368C}.PublipaymentsCapacitacion|Any CPU.ActiveCfg = PublipaymentsCapacitacion|Any CPU
		{0631A9F7-6889-42FE-A703-527100E6368C}.PublipaymentsCapacitacion|Any CPU.Build.0 = PublipaymentsCapacitacion|Any CPU
		{0631A9F7-6889-42FE-A703-527100E6368C}.PubliPaymentsTest|Any CPU.ActiveCfg = PubliPaymentsTest|Any CPU
		{0631A9F7-6889-42FE-A703-527100E6368C}.PubliPaymentsTest|Any CPU.Build.0 = PubliPaymentsTest|Any CPU
		{0631A9F7-6889-42FE-A703-527100E6368C}.Release|Any CPU.ActiveCfg = Release|Any CPU
		{0631A9F7-6889-42FE-A703-527100E6368C}.Release|Any CPU.Build.0 = Release|Any CPU
		{0631A9F7-6889-42FE-A703-527100E6368C}.SIRA|Any CPU.ActiveCfg = SIRA|Any CPU
		{0631A9F7-6889-42FE-A703-527100E6368C}.SIRA|Any CPU.Build.0 = SIRA|Any CPU
		{0631A9F7-6889-42FE-A703-527100E6368C}.SiraComercial|Any CPU.ActiveCfg = SIRA|Any CPU
		{0631A9F7-6889-42FE-A703-527100E6368C}.SiraComercial|Any CPU.Build.0 = SIRA|Any CPU
		{549FAED2-8D20-4116-BAED-AAD8FB2E3D7C}.Debug|Any CPU.ActiveCfg = Debug|Any CPU
		{549FAED2-8D20-4116-BAED-AAD8FB2E3D7C}.Debug|Any CPU.Build.0 = Debug|Any CPU
		{549FAED2-8D20-4116-BAED-AAD8FB2E3D7C}.OriginacionMovil|Any CPU.ActiveCfg = OriginacionMovil|Any CPU
		{549FAED2-8D20-4116-BAED-AAD8FB2E3D7C}.OriginacionMovil|Any CPU.Build.0 = OriginacionMovil|Any CPU
		{549FAED2-8D20-4116-BAED-AAD8FB2E3D7C}.OriginacionMovilTest|Any CPU.ActiveCfg = OriginacionMovilTest|Any CPU
		{549FAED2-8D20-4116-BAED-AAD8FB2E3D7C}.OriginacionMovilTest|Any CPU.Build.0 = OriginacionMovilTest|Any CPU
		{549FAED2-8D20-4116-BAED-AAD8FB2E3D7C}.portalPPMTest|Any CPU.ActiveCfg = portalPPMTest|Any CPU
		{549FAED2-8D20-4116-BAED-AAD8FB2E3D7C}.portalPPMTest|Any CPU.Build.0 = portalPPMTest|Any CPU
		{549FAED2-8D20-4116-BAED-AAD8FB2E3D7C}.PortalPPTest|Any CPU.ActiveCfg = PortalPPTest|Any CPU
		{549FAED2-8D20-4116-BAED-AAD8FB2E3D7C}.PortalPPTest|Any CPU.Build.0 = PortalPPTest|Any CPU
		{549FAED2-8D20-4116-BAED-AAD8FB2E3D7C}.PPMTest|Any CPU.ActiveCfg = PPMTest|Any CPU
		{549FAED2-8D20-4116-BAED-AAD8FB2E3D7C}.PPMTest|Any CPU.Build.0 = PPMTest|Any CPU
		{549FAED2-8D20-4116-BAED-AAD8FB2E3D7C}.PublipaymentsCapacitacion|Any CPU.ActiveCfg = PublipaymentsCapacitacion|Any CPU
		{549FAED2-8D20-4116-BAED-AAD8FB2E3D7C}.PublipaymentsCapacitacion|Any CPU.Build.0 = PublipaymentsCapacitacion|Any CPU
		{549FAED2-8D20-4116-BAED-AAD8FB2E3D7C}.PubliPaymentsTest|Any CPU.ActiveCfg = PubliPaymentsTest|Any CPU
		{549FAED2-8D20-4116-BAED-AAD8FB2E3D7C}.PubliPaymentsTest|Any CPU.Build.0 = PubliPaymentsTest|Any CPU
		{549FAED2-8D20-4116-BAED-AAD8FB2E3D7C}.Release|Any CPU.ActiveCfg = Release|Any CPU
		{549FAED2-8D20-4116-BAED-AAD8FB2E3D7C}.Release|Any CPU.Build.0 = Release|Any CPU
		{549FAED2-8D20-4116-BAED-AAD8FB2E3D7C}.SIRA|Any CPU.ActiveCfg = SIRA|Any CPU
		{549FAED2-8D20-4116-BAED-AAD8FB2E3D7C}.SIRA|Any CPU.Build.0 = SIRA|Any CPU
		{549FAED2-8D20-4116-BAED-AAD8FB2E3D7C}.SiraComercial|Any CPU.ActiveCfg = SiraComercial|Any CPU
		{549FAED2-8D20-4116-BAED-AAD8FB2E3D7C}.SiraComercial|Any CPU.Build.0 = SiraComercial|Any CPU
		{B8D6CC17-BA3F-49BC-967E-F0995B6FFF7B}.Debug|Any CPU.ActiveCfg = Debug|Any CPU
		{B8D6CC17-BA3F-49BC-967E-F0995B6FFF7B}.Debug|Any CPU.Build.0 = Debug|Any CPU
		{B8D6CC17-BA3F-49BC-967E-F0995B6FFF7B}.OriginacionMovil|Any CPU.ActiveCfg = OriginacionMovil|Any CPU
		{B8D6CC17-BA3F-49BC-967E-F0995B6FFF7B}.OriginacionMovil|Any CPU.Build.0 = OriginacionMovil|Any CPU
		{B8D6CC17-BA3F-49BC-967E-F0995B6FFF7B}.OriginacionMovilTest|Any CPU.ActiveCfg = OriginacionMovilTest|Any CPU
		{B8D6CC17-BA3F-49BC-967E-F0995B6FFF7B}.OriginacionMovilTest|Any CPU.Build.0 = OriginacionMovilTest|Any CPU
		{B8D6CC17-BA3F-49BC-967E-F0995B6FFF7B}.portalPPMTest|Any CPU.ActiveCfg = portalPPMTest|Any CPU
		{B8D6CC17-BA3F-49BC-967E-F0995B6FFF7B}.portalPPMTest|Any CPU.Build.0 = portalPPMTest|Any CPU
		{B8D6CC17-BA3F-49BC-967E-F0995B6FFF7B}.PortalPPTest|Any CPU.ActiveCfg = PortalPPTest|Any CPU
		{B8D6CC17-BA3F-49BC-967E-F0995B6FFF7B}.PortalPPTest|Any CPU.Build.0 = PortalPPTest|Any CPU
		{B8D6CC17-BA3F-49BC-967E-F0995B6FFF7B}.PPMTest|Any CPU.ActiveCfg = PPMTest|Any CPU
		{B8D6CC17-BA3F-49BC-967E-F0995B6FFF7B}.PPMTest|Any CPU.Build.0 = PPMTest|Any CPU
		{B8D6CC17-BA3F-49BC-967E-F0995B6FFF7B}.PublipaymentsCapacitacion|Any CPU.ActiveCfg = PublipaymentsCapacitacion|Any CPU
		{B8D6CC17-BA3F-49BC-967E-F0995B6FFF7B}.PublipaymentsCapacitacion|Any CPU.Build.0 = PublipaymentsCapacitacion|Any CPU
		{B8D6CC17-BA3F-49BC-967E-F0995B6FFF7B}.PubliPaymentsTest|Any CPU.ActiveCfg = PubliPaymentsTest|Any CPU
		{B8D6CC17-BA3F-49BC-967E-F0995B6FFF7B}.PubliPaymentsTest|Any CPU.Build.0 = PubliPaymentsTest|Any CPU
		{B8D6CC17-BA3F-49BC-967E-F0995B6FFF7B}.Release|Any CPU.ActiveCfg = Release|Any CPU
		{B8D6CC17-BA3F-49BC-967E-F0995B6FFF7B}.Release|Any CPU.Build.0 = Release|Any CPU
		{B8D6CC17-BA3F-49BC-967E-F0995B6FFF7B}.SIRA|Any CPU.ActiveCfg = SIRA|Any CPU
		{B8D6CC17-BA3F-49BC-967E-F0995B6FFF7B}.SIRA|Any CPU.Build.0 = SIRA|Any CPU
		{B8D6CC17-BA3F-49BC-967E-F0995B6FFF7B}.SiraComercial|Any CPU.ActiveCfg = SiraComercial|Any CPU
		{B8D6CC17-BA3F-49BC-967E-F0995B6FFF7B}.SiraComercial|Any CPU.Build.0 = SiraComercial|Any CPU
	EndGlobalSection
	GlobalSection(SolutionProperties) = preSolution
		HideSolutionNode = FALSE
	EndGlobalSection
EndGlobal
