
Microsoft Visual Studio Solution File, Format Version 12.00
# Visual Studio 15
VisualStudioVersion = 15.0.27130.2020
MinimumVisualStudioVersion = 10.0.40219.1
Project("{FAE04EC0-301F-11D3-BF4B-00C04F79EFBC}") = "DalUnitOfWork.DataAccess", "DalUnitOfWork.DataAccess\DalUnitOfWork.DataAccess.csproj", "{8B1DBC7F-CEE5-4CFC-A2C5-08EC4A1C1CEC}"
EndProject
Project("{FAE04EC0-301F-11D3-BF4B-00C04F79EFBC}") = "DalUnitOfWork.BusinessLogic", "DalUnitOfWork.BusinessLogic\DalUnitOfWork.BusinessLogic.csproj", "{EC6CE960-B4EB-4A1C-8D3E-49AEC9D9D12E}"
EndProject
Project("{FAE04EC0-301F-11D3-BF4B-00C04F79EFBC}") = "DalUnitOfWork.Models", "DalUnitOfWork.Models\DalUnitOfWork.Models.csproj", "{72F27D52-9A3F-4DC1-9860-B5DB5D6ADF06}"
EndProject
Global
	GlobalSection(SolutionConfigurationPlatforms) = preSolution
		Debug|Any CPU = Debug|Any CPU
		Release|Any CPU = Release|Any CPU
	EndGlobalSection
	GlobalSection(ProjectConfigurationPlatforms) = postSolution
		{8B1DBC7F-CEE5-4CFC-A2C5-08EC4A1C1CEC}.Debug|Any CPU.ActiveCfg = Debug|Any CPU
		{8B1DBC7F-CEE5-4CFC-A2C5-08EC4A1C1CEC}.Debug|Any CPU.Build.0 = Debug|Any CPU
		{8B1DBC7F-CEE5-4CFC-A2C5-08EC4A1C1CEC}.Release|Any CPU.ActiveCfg = Release|Any CPU
		{8B1DBC7F-CEE5-4CFC-A2C5-08EC4A1C1CEC}.Release|Any CPU.Build.0 = Release|Any CPU
		{EC6CE960-B4EB-4A1C-8D3E-49AEC9D9D12E}.Debug|Any CPU.ActiveCfg = Debug|Any CPU
		{EC6CE960-B4EB-4A1C-8D3E-49AEC9D9D12E}.Debug|Any CPU.Build.0 = Debug|Any CPU
		{EC6CE960-B4EB-4A1C-8D3E-49AEC9D9D12E}.Release|Any CPU.ActiveCfg = Release|Any CPU
		{EC6CE960-B4EB-4A1C-8D3E-49AEC9D9D12E}.Release|Any CPU.Build.0 = Release|Any CPU
		{72F27D52-9A3F-4DC1-9860-B5DB5D6ADF06}.Debug|Any CPU.ActiveCfg = Debug|Any CPU
		{72F27D52-9A3F-4DC1-9860-B5DB5D6ADF06}.Debug|Any CPU.Build.0 = Debug|Any CPU
		{72F27D52-9A3F-4DC1-9860-B5DB5D6ADF06}.Release|Any CPU.ActiveCfg = Release|Any CPU
		{72F27D52-9A3F-4DC1-9860-B5DB5D6ADF06}.Release|Any CPU.Build.0 = Release|Any CPU
	EndGlobalSection
	GlobalSection(SolutionProperties) = preSolution
		HideSolutionNode = FALSE
	EndGlobalSection
	GlobalSection(ExtensibilityGlobals) = postSolution
		SolutionGuid = {EEF6A664-0880-46B1-BA66-CCEC8A508A6E}
	EndGlobalSection
EndGlobal
