
Microsoft Visual Studio Solution File, Format Version 12.00
# Visual Studio 14
VisualStudioVersion = 14.0.23107.0
MinimumVisualStudioVersion = 10.0.40219.1
Project("{FAE04EC0-301F-11D3-BF4B-00C04F79EFBC}") = "proDatos", "proDatos\proDatos.csproj", "{B03FF8C7-BC19-430E-B498-69043AAF7148}"
EndProject
Project("{FAE04EC0-301F-11D3-BF4B-00C04F79EFBC}") = "proEntidades", "proEntidades\proEntidades.csproj", "{822577E4-0A83-49D9-AB3C-C62116872E79}"
EndProject
Project("{FAE04EC0-301F-11D3-BF4B-00C04F79EFBC}") = "proNegocio", "proNegocio\proNegocio.csproj", "{A6502733-ED19-4F43-875F-D18140E36A0F}"
EndProject
Project("{FAE04EC0-301F-11D3-BF4B-00C04F79EFBC}") = "proSeguridad", "proSeguridad\proSeguridad.csproj", "{8571715A-FD93-4DA4-991D-D0D70596940D}"
EndProject
Project("{E24C65DC-7377-472B-9ABA-BC803B73C61A}") = "GuardasAjax", "GuardasAjax", "{2BA5A131-DCAA-4783-A937-55FAE298BB2C}"
	ProjectSection(WebsiteProperties) = preProject
		SccProjectName = "SAK"
		SccAuxPath = "SAK"
		SccLocalPath = "SAK"
		SccProvider = "SAK"
		TargetFrameworkMoniker = ".NETFramework,Version%3Dv4.5"
		ProjectReferences = "{B03FF8C7-BC19-430E-B498-69043AAF7148}|proDatos.dll;{822577E4-0A83-49D9-AB3C-C62116872E79}|proEntidades.dll;{A6502733-ED19-4F43-875F-D18140E36A0F}|proNegocio.dll;{8571715A-FD93-4DA4-991D-D0D70596940D}|proSeguridad.dll;"
		Debug.AspNetCompiler.VirtualPath = "/GuardasAjax"
		Debug.AspNetCompiler.PhysicalPath = "GuardasAjax\"
		Debug.AspNetCompiler.TargetPath = "PrecompiledWeb\GuardasAjax\"
		Debug.AspNetCompiler.Updateable = "true"
		Debug.AspNetCompiler.ForceOverwrite = "true"
		Debug.AspNetCompiler.FixedNames = "false"
		Debug.AspNetCompiler.Debug = "True"
		Release.AspNetCompiler.VirtualPath = "/GuardasAjax"
		Release.AspNetCompiler.PhysicalPath = "GuardasAjax\"
		Release.AspNetCompiler.TargetPath = "PrecompiledWeb\GuardasAjax\"
		Release.AspNetCompiler.Updateable = "true"
		Release.AspNetCompiler.ForceOverwrite = "true"
		Release.AspNetCompiler.FixedNames = "false"
		Release.AspNetCompiler.Debug = "False"
		VWDPort = "21818"
		SlnRelativePath = "GuardasAjax\"
	EndProjectSection
EndProject
Global
	GlobalSection(SolutionConfigurationPlatforms) = preSolution
		Debug|.NET = Debug|.NET
		Debug|Any CPU = Debug|Any CPU
		Debug|Mixed Platforms = Debug|Mixed Platforms
		Debug|x86 = Debug|x86
		Release|.NET = Release|.NET
		Release|Any CPU = Release|Any CPU
		Release|Mixed Platforms = Release|Mixed Platforms
		Release|x86 = Release|x86
	EndGlobalSection
	GlobalSection(ProjectConfigurationPlatforms) = postSolution
		{B03FF8C7-BC19-430E-B498-69043AAF7148}.Debug|.NET.ActiveCfg = Debug|Any CPU
		{B03FF8C7-BC19-430E-B498-69043AAF7148}.Debug|Any CPU.ActiveCfg = Debug|Any CPU
		{B03FF8C7-BC19-430E-B498-69043AAF7148}.Debug|Any CPU.Build.0 = Debug|Any CPU
		{B03FF8C7-BC19-430E-B498-69043AAF7148}.Debug|Mixed Platforms.ActiveCfg = Debug|Any CPU
		{B03FF8C7-BC19-430E-B498-69043AAF7148}.Debug|Mixed Platforms.Build.0 = Debug|Any CPU
		{B03FF8C7-BC19-430E-B498-69043AAF7148}.Debug|x86.ActiveCfg = Debug|Any CPU
		{B03FF8C7-BC19-430E-B498-69043AAF7148}.Release|.NET.ActiveCfg = Release|Any CPU
		{B03FF8C7-BC19-430E-B498-69043AAF7148}.Release|Any CPU.ActiveCfg = Release|Any CPU
		{B03FF8C7-BC19-430E-B498-69043AAF7148}.Release|Any CPU.Build.0 = Release|Any CPU
		{B03FF8C7-BC19-430E-B498-69043AAF7148}.Release|Mixed Platforms.ActiveCfg = Release|Any CPU
		{B03FF8C7-BC19-430E-B498-69043AAF7148}.Release|Mixed Platforms.Build.0 = Release|Any CPU
		{B03FF8C7-BC19-430E-B498-69043AAF7148}.Release|x86.ActiveCfg = Release|Any CPU
		{822577E4-0A83-49D9-AB3C-C62116872E79}.Debug|.NET.ActiveCfg = Debug|Any CPU
		{822577E4-0A83-49D9-AB3C-C62116872E79}.Debug|Any CPU.ActiveCfg = Debug|Any CPU
		{822577E4-0A83-49D9-AB3C-C62116872E79}.Debug|Any CPU.Build.0 = Debug|Any CPU
		{822577E4-0A83-49D9-AB3C-C62116872E79}.Debug|Mixed Platforms.ActiveCfg = Debug|Any CPU
		{822577E4-0A83-49D9-AB3C-C62116872E79}.Debug|Mixed Platforms.Build.0 = Debug|Any CPU
		{822577E4-0A83-49D9-AB3C-C62116872E79}.Debug|x86.ActiveCfg = Debug|Any CPU
		{822577E4-0A83-49D9-AB3C-C62116872E79}.Release|.NET.ActiveCfg = Release|Any CPU
		{822577E4-0A83-49D9-AB3C-C62116872E79}.Release|Any CPU.ActiveCfg = Release|Any CPU
		{822577E4-0A83-49D9-AB3C-C62116872E79}.Release|Any CPU.Build.0 = Release|Any CPU
		{822577E4-0A83-49D9-AB3C-C62116872E79}.Release|Mixed Platforms.ActiveCfg = Release|Any CPU
		{822577E4-0A83-49D9-AB3C-C62116872E79}.Release|Mixed Platforms.Build.0 = Release|Any CPU
		{822577E4-0A83-49D9-AB3C-C62116872E79}.Release|x86.ActiveCfg = Release|Any CPU
		{A6502733-ED19-4F43-875F-D18140E36A0F}.Debug|.NET.ActiveCfg = Debug|Any CPU
		{A6502733-ED19-4F43-875F-D18140E36A0F}.Debug|Any CPU.ActiveCfg = Debug|Any CPU
		{A6502733-ED19-4F43-875F-D18140E36A0F}.Debug|Any CPU.Build.0 = Debug|Any CPU
		{A6502733-ED19-4F43-875F-D18140E36A0F}.Debug|Mixed Platforms.ActiveCfg = Debug|Any CPU
		{A6502733-ED19-4F43-875F-D18140E36A0F}.Debug|Mixed Platforms.Build.0 = Debug|Any CPU
		{A6502733-ED19-4F43-875F-D18140E36A0F}.Debug|x86.ActiveCfg = Debug|Any CPU
		{A6502733-ED19-4F43-875F-D18140E36A0F}.Release|.NET.ActiveCfg = Release|Any CPU
		{A6502733-ED19-4F43-875F-D18140E36A0F}.Release|Any CPU.ActiveCfg = Release|Any CPU
		{A6502733-ED19-4F43-875F-D18140E36A0F}.Release|Any CPU.Build.0 = Release|Any CPU
		{A6502733-ED19-4F43-875F-D18140E36A0F}.Release|Mixed Platforms.ActiveCfg = Release|Any CPU
		{A6502733-ED19-4F43-875F-D18140E36A0F}.Release|Mixed Platforms.Build.0 = Release|Any CPU
		{A6502733-ED19-4F43-875F-D18140E36A0F}.Release|x86.ActiveCfg = Release|Any CPU
		{8571715A-FD93-4DA4-991D-D0D70596940D}.Debug|.NET.ActiveCfg = Debug|Any CPU
		{8571715A-FD93-4DA4-991D-D0D70596940D}.Debug|Any CPU.ActiveCfg = Debug|Any CPU
		{8571715A-FD93-4DA4-991D-D0D70596940D}.Debug|Any CPU.Build.0 = Debug|Any CPU
		{8571715A-FD93-4DA4-991D-D0D70596940D}.Debug|Mixed Platforms.ActiveCfg = Debug|Any CPU
		{8571715A-FD93-4DA4-991D-D0D70596940D}.Debug|Mixed Platforms.Build.0 = Debug|Any CPU
		{8571715A-FD93-4DA4-991D-D0D70596940D}.Debug|x86.ActiveCfg = Debug|Any CPU
		{8571715A-FD93-4DA4-991D-D0D70596940D}.Release|.NET.ActiveCfg = Release|Any CPU
		{8571715A-FD93-4DA4-991D-D0D70596940D}.Release|Any CPU.ActiveCfg = Release|Any CPU
		{8571715A-FD93-4DA4-991D-D0D70596940D}.Release|Any CPU.Build.0 = Release|Any CPU
		{8571715A-FD93-4DA4-991D-D0D70596940D}.Release|Mixed Platforms.ActiveCfg = Release|Any CPU
		{8571715A-FD93-4DA4-991D-D0D70596940D}.Release|Mixed Platforms.Build.0 = Release|Any CPU
		{8571715A-FD93-4DA4-991D-D0D70596940D}.Release|x86.ActiveCfg = Release|Any CPU
		{2BA5A131-DCAA-4783-A937-55FAE298BB2C}.Debug|.NET.ActiveCfg = Debug|Any CPU
		{2BA5A131-DCAA-4783-A937-55FAE298BB2C}.Debug|Any CPU.ActiveCfg = Debug|Any CPU
		{2BA5A131-DCAA-4783-A937-55FAE298BB2C}.Debug|Any CPU.Build.0 = Debug|Any CPU
		{2BA5A131-DCAA-4783-A937-55FAE298BB2C}.Debug|Mixed Platforms.ActiveCfg = Debug|Any CPU
		{2BA5A131-DCAA-4783-A937-55FAE298BB2C}.Debug|Mixed Platforms.Build.0 = Debug|Any CPU
		{2BA5A131-DCAA-4783-A937-55FAE298BB2C}.Debug|x86.ActiveCfg = Debug|Any CPU
		{2BA5A131-DCAA-4783-A937-55FAE298BB2C}.Release|.NET.ActiveCfg = Debug|Any CPU
		{2BA5A131-DCAA-4783-A937-55FAE298BB2C}.Release|Any CPU.ActiveCfg = Debug|Any CPU
		{2BA5A131-DCAA-4783-A937-55FAE298BB2C}.Release|Any CPU.Build.0 = Debug|Any CPU
		{2BA5A131-DCAA-4783-A937-55FAE298BB2C}.Release|Mixed Platforms.ActiveCfg = Debug|Any CPU
		{2BA5A131-DCAA-4783-A937-55FAE298BB2C}.Release|Mixed Platforms.Build.0 = Debug|Any CPU
		{2BA5A131-DCAA-4783-A937-55FAE298BB2C}.Release|x86.ActiveCfg = Debug|Any CPU
	EndGlobalSection
	GlobalSection(SolutionProperties) = preSolution
		HideSolutionNode = FALSE
	EndGlobalSection
EndGlobal
