
Microsoft Visual Studio Solution File, Format Version 12.00
# Visual Studio 14
VisualStudioVersion = 14.0.25420.1
MinimumVisualStudioVersion = 10.0.40219.1
Project("{FAE04EC0-301F-11D3-BF4B-00C04F79EFBC}") = "WepApiExmaple.Server", "WepApiExmaple.Server\WepApiExmaple.Server.csproj", "{EB602D4A-C7DD-481C-B35C-EBF1645CC942}"
EndProject
Project("{FAE04EC0-301F-11D3-BF4B-00C04F79EFBC}") = "WepApiExmaple.Server.Tests", "WepApiExmaple.Server.Tests\WepApiExmaple.Server.Tests.csproj", "{E18D276A-DC6D-4EA5-B86C-378C21F1B249}"
EndProject
Project("{FAE04EC0-301F-11D3-BF4B-00C04F79EFBC}") = "WebApiExample.DataAccess", "WebApiExample.DataAccess\WebApiExample.DataAccess.csproj", "{0209192F-7D15-4E8E-B536-2BCFB672436F}"
EndProject
Project("{FAE04EC0-301F-11D3-BF4B-00C04F79EFBC}") = "WebApiExample.Models", "WebApiExample.Models\WebApiExample.Models.csproj", "{5B214677-7988-41B9-93E3-B3373B86B139}"
EndProject
Global
	GlobalSection(SolutionConfigurationPlatforms) = preSolution
		Debug|Any CPU = Debug|Any CPU
		Release|Any CPU = Release|Any CPU
	EndGlobalSection
	GlobalSection(ProjectConfigurationPlatforms) = postSolution
		{EB602D4A-C7DD-481C-B35C-EBF1645CC942}.Debug|Any CPU.ActiveCfg = Debug|Any CPU
		{EB602D4A-C7DD-481C-B35C-EBF1645CC942}.Debug|Any CPU.Build.0 = Debug|Any CPU
		{EB602D4A-C7DD-481C-B35C-EBF1645CC942}.Release|Any CPU.ActiveCfg = Release|Any CPU
		{EB602D4A-C7DD-481C-B35C-EBF1645CC942}.Release|Any CPU.Build.0 = Release|Any CPU
		{E18D276A-DC6D-4EA5-B86C-378C21F1B249}.Debug|Any CPU.ActiveCfg = Debug|Any CPU
		{E18D276A-DC6D-4EA5-B86C-378C21F1B249}.Debug|Any CPU.Build.0 = Debug|Any CPU
		{E18D276A-DC6D-4EA5-B86C-378C21F1B249}.Release|Any CPU.ActiveCfg = Release|Any CPU
		{E18D276A-DC6D-4EA5-B86C-378C21F1B249}.Release|Any CPU.Build.0 = Release|Any CPU
		{0209192F-7D15-4E8E-B536-2BCFB672436F}.Debug|Any CPU.ActiveCfg = Debug|Any CPU
		{0209192F-7D15-4E8E-B536-2BCFB672436F}.Debug|Any CPU.Build.0 = Debug|Any CPU
		{0209192F-7D15-4E8E-B536-2BCFB672436F}.Release|Any CPU.ActiveCfg = Release|Any CPU
		{0209192F-7D15-4E8E-B536-2BCFB672436F}.Release|Any CPU.Build.0 = Release|Any CPU
		{5B214677-7988-41B9-93E3-B3373B86B139}.Debug|Any CPU.ActiveCfg = Debug|Any CPU
		{5B214677-7988-41B9-93E3-B3373B86B139}.Debug|Any CPU.Build.0 = Debug|Any CPU
		{5B214677-7988-41B9-93E3-B3373B86B139}.Release|Any CPU.ActiveCfg = Release|Any CPU
		{5B214677-7988-41B9-93E3-B3373B86B139}.Release|Any CPU.Build.0 = Release|Any CPU
	EndGlobalSection
	GlobalSection(SolutionProperties) = preSolution
		HideSolutionNode = FALSE
	EndGlobalSection
EndGlobal
