
Microsoft Visual Studio Solution File, Format Version 12.00
# Visual Studio 14
VisualStudioVersion = 14.0.25420.1
MinimumVisualStudioVersion = 10.0.40219.1
Project("{FAE04EC0-301F-11D3-BF4B-00C04F79EFBC}") = "ExamenCsi.DataAccess", "ExamenCsi.DataAccess\ExamenCsi.DataAccess.csproj", "{19EB285B-A033-47E7-953B-6051FA94F6C9}"
EndProject
Project("{FAE04EC0-301F-11D3-BF4B-00C04F79EFBC}") = "ExamenCsi.BusinessLogic", "ExamenCsi.BusinessLogic\ExamenCsi.BusinessLogic.csproj", "{5B0C523D-BBF0-4379-BA89-2B80153F50C7}"
EndProject
Project("{FAE04EC0-301F-11D3-BF4B-00C04F79EFBC}") = "ExamenCsi.Entities", "ExamenCsi.Entities\ExamenCsi.Entities.csproj", "{4447D669-A953-49EC-A6CB-B8BCD2CA9A28}"
EndProject
Project("{FAE04EC0-301F-11D3-BF4B-00C04F79EFBC}") = "ExamenCsi.ControllerServer", "ExamenCsi.ControllerServer\ExamenCsi.ControllerServer.csproj", "{114A7E94-9813-4AFB-81D8-E7321B9D0D05}"
	ProjectSection(ProjectDependencies) = postProject
		{BFC5AB2F-F349-472C-A3C7-D40DDF9A7688} = {BFC5AB2F-F349-472C-A3C7-D40DDF9A7688}
	EndProjectSection
EndProject
Project("{FAE04EC0-301F-11D3-BF4B-00C04F79EFBC}") = "ExamenCsi.Server", "ExamenCsi.Server\ExamenCsi.Server.csproj", "{BFC5AB2F-F349-472C-A3C7-D40DDF9A7688}"
EndProject
Project("{FAE04EC0-301F-11D3-BF4B-00C04F79EFBC}") = "ExamenCsi.Site", "ExamenCsi.Site\ExamenCsi.Site.csproj", "{2F945C9F-DD12-409B-916D-39CE7ACAAE49}"
EndProject
Global
	GlobalSection(SolutionConfigurationPlatforms) = preSolution
		Debug|Any CPU = Debug|Any CPU
		Release|Any CPU = Release|Any CPU
	EndGlobalSection
	GlobalSection(ProjectConfigurationPlatforms) = postSolution
		{19EB285B-A033-47E7-953B-6051FA94F6C9}.Debug|Any CPU.ActiveCfg = Debug|Any CPU
		{19EB285B-A033-47E7-953B-6051FA94F6C9}.Debug|Any CPU.Build.0 = Debug|Any CPU
		{19EB285B-A033-47E7-953B-6051FA94F6C9}.Release|Any CPU.ActiveCfg = Release|Any CPU
		{19EB285B-A033-47E7-953B-6051FA94F6C9}.Release|Any CPU.Build.0 = Release|Any CPU
		{5B0C523D-BBF0-4379-BA89-2B80153F50C7}.Debug|Any CPU.ActiveCfg = Debug|Any CPU
		{5B0C523D-BBF0-4379-BA89-2B80153F50C7}.Debug|Any CPU.Build.0 = Debug|Any CPU
		{5B0C523D-BBF0-4379-BA89-2B80153F50C7}.Release|Any CPU.ActiveCfg = Release|Any CPU
		{5B0C523D-BBF0-4379-BA89-2B80153F50C7}.Release|Any CPU.Build.0 = Release|Any CPU
		{4447D669-A953-49EC-A6CB-B8BCD2CA9A28}.Debug|Any CPU.ActiveCfg = Debug|Any CPU
		{4447D669-A953-49EC-A6CB-B8BCD2CA9A28}.Debug|Any CPU.Build.0 = Debug|Any CPU
		{4447D669-A953-49EC-A6CB-B8BCD2CA9A28}.Release|Any CPU.ActiveCfg = Release|Any CPU
		{4447D669-A953-49EC-A6CB-B8BCD2CA9A28}.Release|Any CPU.Build.0 = Release|Any CPU
		{114A7E94-9813-4AFB-81D8-E7321B9D0D05}.Debug|Any CPU.ActiveCfg = Debug|Any CPU
		{114A7E94-9813-4AFB-81D8-E7321B9D0D05}.Debug|Any CPU.Build.0 = Debug|Any CPU
		{114A7E94-9813-4AFB-81D8-E7321B9D0D05}.Release|Any CPU.ActiveCfg = Release|Any CPU
		{114A7E94-9813-4AFB-81D8-E7321B9D0D05}.Release|Any CPU.Build.0 = Release|Any CPU
		{BFC5AB2F-F349-472C-A3C7-D40DDF9A7688}.Debug|Any CPU.ActiveCfg = Debug|Any CPU
		{BFC5AB2F-F349-472C-A3C7-D40DDF9A7688}.Debug|Any CPU.Build.0 = Debug|Any CPU
		{BFC5AB2F-F349-472C-A3C7-D40DDF9A7688}.Release|Any CPU.ActiveCfg = Release|Any CPU
		{BFC5AB2F-F349-472C-A3C7-D40DDF9A7688}.Release|Any CPU.Build.0 = Release|Any CPU
		{2F945C9F-DD12-409B-916D-39CE7ACAAE49}.Debug|Any CPU.ActiveCfg = Debug|Any CPU
		{2F945C9F-DD12-409B-916D-39CE7ACAAE49}.Debug|Any CPU.Build.0 = Debug|Any CPU
		{2F945C9F-DD12-409B-916D-39CE7ACAAE49}.Release|Any CPU.ActiveCfg = Release|Any CPU
		{2F945C9F-DD12-409B-916D-39CE7ACAAE49}.Release|Any CPU.Build.0 = Release|Any CPU
	EndGlobalSection
	GlobalSection(SolutionProperties) = preSolution
		HideSolutionNode = FALSE
	EndGlobalSection
EndGlobal
