
Microsoft Visual Studio Solution File, Format Version 12.00
# Visual Studio 15
VisualStudioVersion = 15.0.26403.7
MinimumVisualStudioVersion = 10.0.40219.1
Project("{FAE04EC0-301F-11D3-BF4B-00C04F79EFBC}") = "Suncorp.Models", "..\..\Suncorp.Models\Suncorp.Models.csproj", "{39B03B4B-5E78-41F6-B6D3-D5A4E564D34B}"
EndProject
Project("{FAE04EC0-301F-11D3-BF4B-00C04F79EFBC}") = "Suncorp.Helpers", "..\..\Suncorp.Helpers\Suncorp.Helpers.csproj", "{EF695E95-6BDF-4410-9A06-B3FDDD54E3FE}"
EndProject
Project("{FAE04EC0-301F-11D3-BF4B-00C04F79EFBC}") = "Suncorp.ServiceController", "..\..\Suncorp.ServiceController\Suncorp.ServiceController.csproj", "{26EE60F5-F31B-4C4D-8E76-4F841A9D9B3C}"
EndProject
Project("{FAE04EC0-301F-11D3-BF4B-00C04F79EFBC}") = "Suncorp.WebSiteCorporativo", "..\..\Suncorp.WebSiteCorporativo\Suncorp.WebSiteCorporativo.csproj", "{7A59A8DF-99A2-432F-9BEC-C6376BFEF806}"
EndProject
Global
	GlobalSection(SubversionScc) = preSolution
		Svn-Managed = True
		Manager = AnkhSVN - Subversion Support for Visual Studio
	EndGlobalSection
	GlobalSection(SolutionConfigurationPlatforms) = preSolution
		Debug|Any CPU = Debug|Any CPU
		Release|Any CPU = Release|Any CPU
	EndGlobalSection
	GlobalSection(ProjectConfigurationPlatforms) = postSolution
		{39B03B4B-5E78-41F6-B6D3-D5A4E564D34B}.Debug|Any CPU.ActiveCfg = Debug|Any CPU
		{39B03B4B-5E78-41F6-B6D3-D5A4E564D34B}.Debug|Any CPU.Build.0 = Debug|Any CPU
		{39B03B4B-5E78-41F6-B6D3-D5A4E564D34B}.Release|Any CPU.ActiveCfg = Release|Any CPU
		{39B03B4B-5E78-41F6-B6D3-D5A4E564D34B}.Release|Any CPU.Build.0 = Release|Any CPU
		{EF695E95-6BDF-4410-9A06-B3FDDD54E3FE}.Debug|Any CPU.ActiveCfg = Debug|Any CPU
		{EF695E95-6BDF-4410-9A06-B3FDDD54E3FE}.Debug|Any CPU.Build.0 = Debug|Any CPU
		{EF695E95-6BDF-4410-9A06-B3FDDD54E3FE}.Release|Any CPU.ActiveCfg = Release|Any CPU
		{EF695E95-6BDF-4410-9A06-B3FDDD54E3FE}.Release|Any CPU.Build.0 = Release|Any CPU
		{26EE60F5-F31B-4C4D-8E76-4F841A9D9B3C}.Debug|Any CPU.ActiveCfg = Debug|Any CPU
		{26EE60F5-F31B-4C4D-8E76-4F841A9D9B3C}.Debug|Any CPU.Build.0 = Debug|Any CPU
		{26EE60F5-F31B-4C4D-8E76-4F841A9D9B3C}.Release|Any CPU.ActiveCfg = Release|Any CPU
		{26EE60F5-F31B-4C4D-8E76-4F841A9D9B3C}.Release|Any CPU.Build.0 = Release|Any CPU
		{7A59A8DF-99A2-432F-9BEC-C6376BFEF806}.Debug|Any CPU.ActiveCfg = Debug|Any CPU
		{7A59A8DF-99A2-432F-9BEC-C6376BFEF806}.Debug|Any CPU.Build.0 = Debug|Any CPU
		{7A59A8DF-99A2-432F-9BEC-C6376BFEF806}.Release|Any CPU.ActiveCfg = Release|Any CPU
		{7A59A8DF-99A2-432F-9BEC-C6376BFEF806}.Release|Any CPU.Build.0 = Release|Any CPU
	EndGlobalSection
	GlobalSection(SolutionProperties) = preSolution
		HideSolutionNode = FALSE
	EndGlobalSection
EndGlobal
