
Microsoft Visual Studio Solution File, Format Version 12.00
# Visual Studio 14
VisualStudioVersion = 14.0.25420.1
MinimumVisualStudioVersion = 10.0.40219.1
Project("{FAE04EC0-301F-11D3-BF4B-00C04F79EFBC}") = "GOB.SPF.ConecII.AccessData", "GOB.SPF.ConecII.AccessData\GOB.SPF.ConecII.AccessData.csproj", "{C21DE6CA-9B50-4B38-9131-467D0F46CE76}"
EndProject
Project("{FAE04EC0-301F-11D3-BF4B-00C04F79EFBC}") = "GOB.SPF.ConecII.Entities", "GOB.SPF.ConecII.Entities\GOB.SPF.ConecII.Entities.csproj", "{93A6FD09-867A-4445-B6FC-5892676D408D}"
EndProject
Project("{FAE04EC0-301F-11D3-BF4B-00C04F79EFBC}") = "GOB.SPF.ConecII.Business", "GOB.SPF.ConecII.Business\GOB.SPF.ConecII.Business.csproj", "{BC0884CA-A59D-4ED9-9964-8564923C2163}"
EndProject
Project("{FAE04EC0-301F-11D3-BF4B-00C04F79EFBC}") = "GOB.SPF.Conec.Services", "GOB.SPF.Conec.Services\GOB.SPF.Conec.Services.csproj", "{2C8D37E4-0058-49BA-9E0D-C3D5137F7F02}"
EndProject
Project("{FAE04EC0-301F-11D3-BF4B-00C04F79EFBC}") = "GOB.SPF.Conec.Services.Tests", "GOB.SPF.Conec.Services.Tests\GOB.SPF.Conec.Services.Tests.csproj", "{82B69017-B591-485E-88FF-1D457936D117}"
EndProject
Project("{FAE04EC0-301F-11D3-BF4B-00C04F79EFBC}") = "GOB.SPF.ConecII.Web", "GOB.SPF.ConecII.Web\GOB.SPF.ConecII.Web.csproj", "{6924C4B7-AA16-43B7-9FC9-192C0D1440F6}"
EndProject
Project("{FAE04EC0-301F-11D3-BF4B-00C04F79EFBC}") = "GOB.SPF.ConecII.Web.Tests", "GOB.SPF.ConecII.Web.Tests\GOB.SPF.ConecII.Web.Tests.csproj", "{D11F7D37-1AB6-4FB6-BF10-99CEE609C704}"
EndProject
Project("{FAE04EC0-301F-11D3-BF4B-00C04F79EFBC}") = "GOB.SPF.ConecII.DataAgents", "GOB.SPF.ConecII.DataAgents\GOB.SPF.ConecII.DataAgents.csproj", "{CF7528A1-5178-4D59-8E26-6081EA7F3302}"
EndProject
Global
	GlobalSection(SolutionConfigurationPlatforms) = preSolution
		Debug|Any CPU = Debug|Any CPU
		Release|Any CPU = Release|Any CPU
	EndGlobalSection
	GlobalSection(ProjectConfigurationPlatforms) = postSolution
		{C21DE6CA-9B50-4B38-9131-467D0F46CE76}.Debug|Any CPU.ActiveCfg = Debug|Any CPU
		{C21DE6CA-9B50-4B38-9131-467D0F46CE76}.Debug|Any CPU.Build.0 = Debug|Any CPU
		{C21DE6CA-9B50-4B38-9131-467D0F46CE76}.Release|Any CPU.ActiveCfg = Release|Any CPU
		{C21DE6CA-9B50-4B38-9131-467D0F46CE76}.Release|Any CPU.Build.0 = Release|Any CPU
		{93A6FD09-867A-4445-B6FC-5892676D408D}.Debug|Any CPU.ActiveCfg = Debug|Any CPU
		{93A6FD09-867A-4445-B6FC-5892676D408D}.Debug|Any CPU.Build.0 = Debug|Any CPU
		{93A6FD09-867A-4445-B6FC-5892676D408D}.Release|Any CPU.ActiveCfg = Release|Any CPU
		{93A6FD09-867A-4445-B6FC-5892676D408D}.Release|Any CPU.Build.0 = Release|Any CPU
		{BC0884CA-A59D-4ED9-9964-8564923C2163}.Debug|Any CPU.ActiveCfg = Debug|Any CPU
		{BC0884CA-A59D-4ED9-9964-8564923C2163}.Debug|Any CPU.Build.0 = Debug|Any CPU
		{BC0884CA-A59D-4ED9-9964-8564923C2163}.Release|Any CPU.ActiveCfg = Release|Any CPU
		{BC0884CA-A59D-4ED9-9964-8564923C2163}.Release|Any CPU.Build.0 = Release|Any CPU
		{2C8D37E4-0058-49BA-9E0D-C3D5137F7F02}.Debug|Any CPU.ActiveCfg = Debug|Any CPU
		{2C8D37E4-0058-49BA-9E0D-C3D5137F7F02}.Debug|Any CPU.Build.0 = Debug|Any CPU
		{2C8D37E4-0058-49BA-9E0D-C3D5137F7F02}.Release|Any CPU.ActiveCfg = Release|Any CPU
		{2C8D37E4-0058-49BA-9E0D-C3D5137F7F02}.Release|Any CPU.Build.0 = Release|Any CPU
		{82B69017-B591-485E-88FF-1D457936D117}.Debug|Any CPU.ActiveCfg = Debug|Any CPU
		{82B69017-B591-485E-88FF-1D457936D117}.Debug|Any CPU.Build.0 = Debug|Any CPU
		{82B69017-B591-485E-88FF-1D457936D117}.Release|Any CPU.ActiveCfg = Release|Any CPU
		{82B69017-B591-485E-88FF-1D457936D117}.Release|Any CPU.Build.0 = Release|Any CPU
		{6924C4B7-AA16-43B7-9FC9-192C0D1440F6}.Debug|Any CPU.ActiveCfg = Debug|Any CPU
		{6924C4B7-AA16-43B7-9FC9-192C0D1440F6}.Debug|Any CPU.Build.0 = Debug|Any CPU
		{6924C4B7-AA16-43B7-9FC9-192C0D1440F6}.Release|Any CPU.ActiveCfg = Release|Any CPU
		{6924C4B7-AA16-43B7-9FC9-192C0D1440F6}.Release|Any CPU.Build.0 = Release|Any CPU
		{D11F7D37-1AB6-4FB6-BF10-99CEE609C704}.Debug|Any CPU.ActiveCfg = Debug|Any CPU
		{D11F7D37-1AB6-4FB6-BF10-99CEE609C704}.Debug|Any CPU.Build.0 = Debug|Any CPU
		{D11F7D37-1AB6-4FB6-BF10-99CEE609C704}.Release|Any CPU.ActiveCfg = Release|Any CPU
		{D11F7D37-1AB6-4FB6-BF10-99CEE609C704}.Release|Any CPU.Build.0 = Release|Any CPU
		{CF7528A1-5178-4D59-8E26-6081EA7F3302}.Debug|Any CPU.ActiveCfg = Debug|Any CPU
		{CF7528A1-5178-4D59-8E26-6081EA7F3302}.Debug|Any CPU.Build.0 = Debug|Any CPU
		{CF7528A1-5178-4D59-8E26-6081EA7F3302}.Release|Any CPU.ActiveCfg = Release|Any CPU
		{CF7528A1-5178-4D59-8E26-6081EA7F3302}.Release|Any CPU.Build.0 = Release|Any CPU
	EndGlobalSection
	GlobalSection(SolutionProperties) = preSolution
		HideSolutionNode = FALSE
	EndGlobalSection
EndGlobal
