
Microsoft Visual Studio Solution File, Format Version 12.00
# Visual Studio 15
VisualStudioVersion = 15.0.27130.2027
MinimumVisualStudioVersion = 10.0.40219.1
Project("{FAE04EC0-301F-11D3-BF4B-00C04F79EFBC}") = "Examen.DataAccess", "Examen.DataAccess\Examen.DataAccess.csproj", "{CE478CAE-2766-42DA-A9C5-631166B317D0}"
EndProject
Project("{FAE04EC0-301F-11D3-BF4B-00C04F79EFBC}") = "Examen.BusinessLayer", "Examen.BusinessLayer\Examen.BusinessLayer.csproj", "{3C369965-8B88-405F-A115-A650D75083CF}"
EndProject
Project("{FAE04EC0-301F-11D3-BF4B-00C04F79EFBC}") = "Examen.Models", "Examen.Models\Examen.Models.csproj", "{79B0E8D5-1927-4425-B9E8-695BAE70190D}"
EndProject
Project("{FAE04EC0-301F-11D3-BF4B-00C04F79EFBC}") = "Examen.ServiceController", "Examen.ServiceController\Examen.ServiceController.csproj", "{373742C7-11E0-40E6-8470-61F96F83D4C9}"
	ProjectSection(ProjectDependencies) = postProject
		{5D28F4EE-1BD8-4199-B67D-BD10558CD7E6} = {5D28F4EE-1BD8-4199-B67D-BD10558CD7E6}
	EndProjectSection
EndProject
Project("{FAE04EC0-301F-11D3-BF4B-00C04F79EFBC}") = "Examen.WebSite", "Examen.WebSite\Examen.WebSite.csproj", "{9E00ADA1-1DB4-4922-A909-B06202A330E2}"
EndProject
Project("{FAE04EC0-301F-11D3-BF4B-00C04F79EFBC}") = "Examen.Services", "Examen.Services\Examen.Services.csproj", "{5D28F4EE-1BD8-4199-B67D-BD10558CD7E6}"
EndProject
Global
	GlobalSection(SolutionConfigurationPlatforms) = preSolution
		Debug|Any CPU = Debug|Any CPU
		Release|Any CPU = Release|Any CPU
	EndGlobalSection
	GlobalSection(ProjectConfigurationPlatforms) = postSolution
		{CE478CAE-2766-42DA-A9C5-631166B317D0}.Debug|Any CPU.ActiveCfg = Debug|Any CPU
		{CE478CAE-2766-42DA-A9C5-631166B317D0}.Debug|Any CPU.Build.0 = Debug|Any CPU
		{CE478CAE-2766-42DA-A9C5-631166B317D0}.Release|Any CPU.ActiveCfg = Release|Any CPU
		{CE478CAE-2766-42DA-A9C5-631166B317D0}.Release|Any CPU.Build.0 = Release|Any CPU
		{3C369965-8B88-405F-A115-A650D75083CF}.Debug|Any CPU.ActiveCfg = Debug|Any CPU
		{3C369965-8B88-405F-A115-A650D75083CF}.Debug|Any CPU.Build.0 = Debug|Any CPU
		{3C369965-8B88-405F-A115-A650D75083CF}.Release|Any CPU.ActiveCfg = Release|Any CPU
		{3C369965-8B88-405F-A115-A650D75083CF}.Release|Any CPU.Build.0 = Release|Any CPU
		{79B0E8D5-1927-4425-B9E8-695BAE70190D}.Debug|Any CPU.ActiveCfg = Debug|Any CPU
		{79B0E8D5-1927-4425-B9E8-695BAE70190D}.Debug|Any CPU.Build.0 = Debug|Any CPU
		{79B0E8D5-1927-4425-B9E8-695BAE70190D}.Release|Any CPU.ActiveCfg = Release|Any CPU
		{79B0E8D5-1927-4425-B9E8-695BAE70190D}.Release|Any CPU.Build.0 = Release|Any CPU
		{373742C7-11E0-40E6-8470-61F96F83D4C9}.Debug|Any CPU.ActiveCfg = Debug|Any CPU
		{373742C7-11E0-40E6-8470-61F96F83D4C9}.Debug|Any CPU.Build.0 = Debug|Any CPU
		{373742C7-11E0-40E6-8470-61F96F83D4C9}.Release|Any CPU.ActiveCfg = Release|Any CPU
		{373742C7-11E0-40E6-8470-61F96F83D4C9}.Release|Any CPU.Build.0 = Release|Any CPU
		{9E00ADA1-1DB4-4922-A909-B06202A330E2}.Debug|Any CPU.ActiveCfg = Debug|Any CPU
		{9E00ADA1-1DB4-4922-A909-B06202A330E2}.Debug|Any CPU.Build.0 = Debug|Any CPU
		{9E00ADA1-1DB4-4922-A909-B06202A330E2}.Release|Any CPU.ActiveCfg = Release|Any CPU
		{9E00ADA1-1DB4-4922-A909-B06202A330E2}.Release|Any CPU.Build.0 = Release|Any CPU
		{5D28F4EE-1BD8-4199-B67D-BD10558CD7E6}.Debug|Any CPU.ActiveCfg = Debug|Any CPU
		{5D28F4EE-1BD8-4199-B67D-BD10558CD7E6}.Debug|Any CPU.Build.0 = Debug|Any CPU
		{5D28F4EE-1BD8-4199-B67D-BD10558CD7E6}.Release|Any CPU.ActiveCfg = Release|Any CPU
		{5D28F4EE-1BD8-4199-B67D-BD10558CD7E6}.Release|Any CPU.Build.0 = Release|Any CPU
	EndGlobalSection
	GlobalSection(SolutionProperties) = preSolution
		HideSolutionNode = FALSE
	EndGlobalSection
	GlobalSection(ExtensibilityGlobals) = postSolution
		SolutionGuid = {09130F02-00E3-4EF1-B5CE-61EF40E7AB31}
	EndGlobalSection
EndGlobal
