
Microsoft Visual Studio Solution File, Format Version 12.00
# Visual Studio 15
VisualStudioVersion = 15.0.26403.7
MinimumVisualStudioVersion = 10.0.40219.1
Project("{FAE04EC0-301F-11D3-BF4B-00C04F79EFBC}") = "Suncorp.BusinessLogic", "..\..\Suncorp.BusinessLogic\Suncorp.BusinessLogic.csproj", "{888FC799-ADA6-4284-9BD3-635FB4F47C94}"
EndProject
Project("{FAE04EC0-301F-11D3-BF4B-00C04F79EFBC}") = "Suncorp.DataAccess", "..\..\Suncorp.DataAccess\Suncorp.DataAccess.csproj", "{55099BC2-AFB7-452E-AEE5-432B76DA6259}"
EndProject
Project("{FAE04EC0-301F-11D3-BF4B-00C04F79EFBC}") = "Suncorp.Helpers", "..\..\Suncorp.Helpers\Suncorp.Helpers.csproj", "{EF695E95-6BDF-4410-9A06-B3FDDD54E3FE}"
EndProject
Project("{FAE04EC0-301F-11D3-BF4B-00C04F79EFBC}") = "Suncorp.Services", "..\..\Suncorp.Services\Suncorp.Services.csproj", "{66948CC0-58AD-4526-BCAD-AAB7C9D64687}"
EndProject
Project("{FAE04EC0-301F-11D3-BF4B-00C04F79EFBC}") = "Suncorp.Models", "..\..\Suncorp.Models\Suncorp.Models.csproj", "{39B03B4B-5E78-41F6-B6D3-D5A4E564D34B}"
EndProject
Project("{FAE04EC0-301F-11D3-BF4B-00C04F79EFBC}") = "Suncorp.Entities", "..\..\Suncorp.Entities\Suncorp.Entities.csproj", "{09AAE7B7-757A-4E35-A112-E7CD8E44ED20}"
EndProject
Project("{FAE04EC0-301F-11D3-BF4B-00C04F79EFBC}") = "Suncorp.BusinessLogic.Test", "..\..\Suncorp.BusinessLogic.Test\Suncorp.BusinessLogic.Test.csproj", "{3D775B03-702D-4A83-BD98-212A754DFD4E}"
EndProject
Global
	GlobalSection(SubversionScc) = preSolution
		Svn-Managed = True
		Manager = AnkhSVN - Subversion Support for Visual Studio
	EndGlobalSection
	GlobalSection(SolutionConfigurationPlatforms) = preSolution
		Debug|Any CPU = Debug|Any CPU
		Release|Any CPU = Release|Any CPU
	EndGlobalSection
	GlobalSection(ProjectConfigurationPlatforms) = postSolution
		{888FC799-ADA6-4284-9BD3-635FB4F47C94}.Debug|Any CPU.ActiveCfg = Debug|Any CPU
		{888FC799-ADA6-4284-9BD3-635FB4F47C94}.Debug|Any CPU.Build.0 = Debug|Any CPU
		{888FC799-ADA6-4284-9BD3-635FB4F47C94}.Release|Any CPU.ActiveCfg = Release|Any CPU
		{888FC799-ADA6-4284-9BD3-635FB4F47C94}.Release|Any CPU.Build.0 = Release|Any CPU
		{55099BC2-AFB7-452E-AEE5-432B76DA6259}.Debug|Any CPU.ActiveCfg = Debug|Any CPU
		{55099BC2-AFB7-452E-AEE5-432B76DA6259}.Debug|Any CPU.Build.0 = Debug|Any CPU
		{55099BC2-AFB7-452E-AEE5-432B76DA6259}.Release|Any CPU.ActiveCfg = Release|Any CPU
		{55099BC2-AFB7-452E-AEE5-432B76DA6259}.Release|Any CPU.Build.0 = Release|Any CPU
		{EF695E95-6BDF-4410-9A06-B3FDDD54E3FE}.Debug|Any CPU.ActiveCfg = Debug|Any CPU
		{EF695E95-6BDF-4410-9A06-B3FDDD54E3FE}.Debug|Any CPU.Build.0 = Debug|Any CPU
		{EF695E95-6BDF-4410-9A06-B3FDDD54E3FE}.Release|Any CPU.ActiveCfg = Release|Any CPU
		{EF695E95-6BDF-4410-9A06-B3FDDD54E3FE}.Release|Any CPU.Build.0 = Release|Any CPU
		{66948CC0-58AD-4526-BCAD-AAB7C9D64687}.Debug|Any CPU.ActiveCfg = Debug|Any CPU
		{66948CC0-58AD-4526-BCAD-AAB7C9D64687}.Debug|Any CPU.Build.0 = Debug|Any CPU
		{66948CC0-58AD-4526-BCAD-AAB7C9D64687}.Release|Any CPU.ActiveCfg = Release|Any CPU
		{66948CC0-58AD-4526-BCAD-AAB7C9D64687}.Release|Any CPU.Build.0 = Release|Any CPU
		{39B03B4B-5E78-41F6-B6D3-D5A4E564D34B}.Debug|Any CPU.ActiveCfg = Debug|Any CPU
		{39B03B4B-5E78-41F6-B6D3-D5A4E564D34B}.Debug|Any CPU.Build.0 = Debug|Any CPU
		{39B03B4B-5E78-41F6-B6D3-D5A4E564D34B}.Release|Any CPU.ActiveCfg = Release|Any CPU
		{39B03B4B-5E78-41F6-B6D3-D5A4E564D34B}.Release|Any CPU.Build.0 = Release|Any CPU
		{09AAE7B7-757A-4E35-A112-E7CD8E44ED20}.Debug|Any CPU.ActiveCfg = Debug|Any CPU
		{09AAE7B7-757A-4E35-A112-E7CD8E44ED20}.Debug|Any CPU.Build.0 = Debug|Any CPU
		{09AAE7B7-757A-4E35-A112-E7CD8E44ED20}.Release|Any CPU.ActiveCfg = Release|Any CPU
		{09AAE7B7-757A-4E35-A112-E7CD8E44ED20}.Release|Any CPU.Build.0 = Release|Any CPU
		{3D775B03-702D-4A83-BD98-212A754DFD4E}.Debug|Any CPU.ActiveCfg = Debug|Any CPU
		{3D775B03-702D-4A83-BD98-212A754DFD4E}.Debug|Any CPU.Build.0 = Debug|Any CPU
		{3D775B03-702D-4A83-BD98-212A754DFD4E}.Release|Any CPU.ActiveCfg = Release|Any CPU
		{3D775B03-702D-4A83-BD98-212A754DFD4E}.Release|Any CPU.Build.0 = Release|Any CPU
	EndGlobalSection
	GlobalSection(SolutionProperties) = preSolution
		HideSolutionNode = FALSE
	EndGlobalSection
EndGlobal
