
Microsoft Visual Studio Solution File, Format Version 12.00
# Visual Studio 15
VisualStudioVersion = 15.0.26403.7
MinimumVisualStudioVersion = 10.0.40219.1
Project("{FAE04EC0-301F-11D3-BF4B-00C04F79EFBC}") = "CrudMySql.AccesoDatos", "CrudMySql.AccesoDatos\CrudMySql.AccesoDatos.csproj", "{50665858-C191-4849-ABA9-C3EC45527A9A}"
EndProject
Project("{FAE04EC0-301F-11D3-BF4B-00C04F79EFBC}") = "CrudMySql.Entidades", "CrudMySql.Entidades\CrudMySql.Entidades.csproj", "{E6F2606E-F8F6-4DC3-9B19-1C6065CAEA49}"
EndProject
Project("{FAE04EC0-301F-11D3-BF4B-00C04F79EFBC}") = "CrudMySql.LogicaNegocios", "CrudMySql.LogicaNegocios\CrudMySql.LogicaNegocios.csproj", "{E968535B-512F-476F-A776-B45B9D0D8256}"
EndProject
Project("{FAE04EC0-301F-11D3-BF4B-00C04F79EFBC}") = "CrudMySql.App", "CrudMySql.App\CrudMySql.App.csproj", "{DCD54252-C0C9-4AC2-8AFB-1190472F295E}"
EndProject
Project("{FAE04EC0-301F-11D3-BF4B-00C04F79EFBC}") = "CrudMySql.AccessoDatos.Test", "CrudMySql.AccessoDatos.Test\CrudMySql.AccessoDatos.Test.csproj", "{0F2FFA8F-B917-4BC5-B3D1-0A8CD42193E6}"
EndProject
Project("{FAE04EC0-301F-11D3-BF4B-00C04F79EFBC}") = "CrudMySql.LogicaNegocios.Test", "CrudMySql.LogicaNegocios.Test\CrudMySql.LogicaNegocios.Test.csproj", "{7DB87459-3479-41ED-A820-38E8D6AF543C}"
EndProject
Global
	GlobalSection(SubversionScc) = preSolution
		Svn-Managed = True
		Manager = AnkhSVN - Subversion Support for Visual Studio
	EndGlobalSection
	GlobalSection(SolutionConfigurationPlatforms) = preSolution
		Debug|Any CPU = Debug|Any CPU
		Release|Any CPU = Release|Any CPU
	EndGlobalSection
	GlobalSection(ProjectConfigurationPlatforms) = postSolution
		{50665858-C191-4849-ABA9-C3EC45527A9A}.Debug|Any CPU.ActiveCfg = Debug|Any CPU
		{50665858-C191-4849-ABA9-C3EC45527A9A}.Debug|Any CPU.Build.0 = Debug|Any CPU
		{50665858-C191-4849-ABA9-C3EC45527A9A}.Release|Any CPU.ActiveCfg = Release|Any CPU
		{50665858-C191-4849-ABA9-C3EC45527A9A}.Release|Any CPU.Build.0 = Release|Any CPU
		{E6F2606E-F8F6-4DC3-9B19-1C6065CAEA49}.Debug|Any CPU.ActiveCfg = Debug|Any CPU
		{E6F2606E-F8F6-4DC3-9B19-1C6065CAEA49}.Debug|Any CPU.Build.0 = Debug|Any CPU
		{E6F2606E-F8F6-4DC3-9B19-1C6065CAEA49}.Release|Any CPU.ActiveCfg = Release|Any CPU
		{E6F2606E-F8F6-4DC3-9B19-1C6065CAEA49}.Release|Any CPU.Build.0 = Release|Any CPU
		{E968535B-512F-476F-A776-B45B9D0D8256}.Debug|Any CPU.ActiveCfg = Debug|Any CPU
		{E968535B-512F-476F-A776-B45B9D0D8256}.Debug|Any CPU.Build.0 = Debug|Any CPU
		{E968535B-512F-476F-A776-B45B9D0D8256}.Release|Any CPU.ActiveCfg = Release|Any CPU
		{E968535B-512F-476F-A776-B45B9D0D8256}.Release|Any CPU.Build.0 = Release|Any CPU
		{DCD54252-C0C9-4AC2-8AFB-1190472F295E}.Debug|Any CPU.ActiveCfg = Debug|Any CPU
		{DCD54252-C0C9-4AC2-8AFB-1190472F295E}.Debug|Any CPU.Build.0 = Debug|Any CPU
		{DCD54252-C0C9-4AC2-8AFB-1190472F295E}.Release|Any CPU.ActiveCfg = Release|Any CPU
		{DCD54252-C0C9-4AC2-8AFB-1190472F295E}.Release|Any CPU.Build.0 = Release|Any CPU
		{0F2FFA8F-B917-4BC5-B3D1-0A8CD42193E6}.Debug|Any CPU.ActiveCfg = Debug|Any CPU
		{0F2FFA8F-B917-4BC5-B3D1-0A8CD42193E6}.Debug|Any CPU.Build.0 = Debug|Any CPU
		{0F2FFA8F-B917-4BC5-B3D1-0A8CD42193E6}.Release|Any CPU.ActiveCfg = Release|Any CPU
		{0F2FFA8F-B917-4BC5-B3D1-0A8CD42193E6}.Release|Any CPU.Build.0 = Release|Any CPU
		{7DB87459-3479-41ED-A820-38E8D6AF543C}.Debug|Any CPU.ActiveCfg = Debug|Any CPU
		{7DB87459-3479-41ED-A820-38E8D6AF543C}.Debug|Any CPU.Build.0 = Debug|Any CPU
		{7DB87459-3479-41ED-A820-38E8D6AF543C}.Release|Any CPU.ActiveCfg = Release|Any CPU
		{7DB87459-3479-41ED-A820-38E8D6AF543C}.Release|Any CPU.Build.0 = Release|Any CPU
	EndGlobalSection
	GlobalSection(SolutionProperties) = preSolution
		HideSolutionNode = FALSE
	EndGlobalSection
EndGlobal
