
Microsoft Visual Studio Solution File, Format Version 12.00
# Visual Studio 14
VisualStudioVersion = 14.0.25420.1
MinimumVisualStudioVersion = 10.0.40219.1
Project("{FAE04EC0-301F-11D3-BF4B-00C04F79EFBC}") = "Aheeva.Replicacion.DataAccess", "Aheeva.Replicacion.DataAccess\Aheeva.Replicacion.DataAccess.csproj", "{29827068-8AC5-4894-B5FA-12D758C04298}"
EndProject
Project("{FAE04EC0-301F-11D3-BF4B-00C04F79EFBC}") = "Aheeva.Replicacion.LogicaNegocio", "Aheeva.Replicacion.LogicaNegocio\Aheeva.Replicacion.LogicaNegocio.csproj", "{9B660E54-ABB2-44D2-8CB7-A0F0F790EA75}"
EndProject
Project("{FAE04EC0-301F-11D3-BF4B-00C04F79EFBC}") = "Aheeva.Replicacion.App", "Aheeva.Replicacion.App\Aheeva.Replicacion.App.csproj", "{92D8D0FA-94FC-4EE3-8F25-E11AA348CC91}"
EndProject
Project("{FAE04EC0-301F-11D3-BF4B-00C04F79EFBC}") = "Aheeva.Replicacion.WinService", "Aheeva.Replicacion.WinService\Aheeva.Replicacion.WinService.csproj", "{83DFDDE9-6FBB-4A87-BFA4-A90656504C60}"
EndProject
Global
	GlobalSection(SubversionScc) = preSolution
		Svn-Managed = True
		Manager = AnkhSVN - Subversion Support for Visual Studio
	EndGlobalSection
	GlobalSection(SolutionConfigurationPlatforms) = preSolution
		Debug|Any CPU = Debug|Any CPU
		Release|Any CPU = Release|Any CPU
	EndGlobalSection
	GlobalSection(ProjectConfigurationPlatforms) = postSolution
		{29827068-8AC5-4894-B5FA-12D758C04298}.Debug|Any CPU.ActiveCfg = Debug|Any CPU
		{29827068-8AC5-4894-B5FA-12D758C04298}.Debug|Any CPU.Build.0 = Debug|Any CPU
		{29827068-8AC5-4894-B5FA-12D758C04298}.Release|Any CPU.ActiveCfg = Release|Any CPU
		{29827068-8AC5-4894-B5FA-12D758C04298}.Release|Any CPU.Build.0 = Release|Any CPU
		{9B660E54-ABB2-44D2-8CB7-A0F0F790EA75}.Debug|Any CPU.ActiveCfg = Debug|Any CPU
		{9B660E54-ABB2-44D2-8CB7-A0F0F790EA75}.Debug|Any CPU.Build.0 = Debug|Any CPU
		{9B660E54-ABB2-44D2-8CB7-A0F0F790EA75}.Release|Any CPU.ActiveCfg = Release|Any CPU
		{9B660E54-ABB2-44D2-8CB7-A0F0F790EA75}.Release|Any CPU.Build.0 = Release|Any CPU
		{92D8D0FA-94FC-4EE3-8F25-E11AA348CC91}.Debug|Any CPU.ActiveCfg = Debug|Any CPU
		{92D8D0FA-94FC-4EE3-8F25-E11AA348CC91}.Debug|Any CPU.Build.0 = Debug|Any CPU
		{92D8D0FA-94FC-4EE3-8F25-E11AA348CC91}.Release|Any CPU.ActiveCfg = Release|Any CPU
		{92D8D0FA-94FC-4EE3-8F25-E11AA348CC91}.Release|Any CPU.Build.0 = Release|Any CPU
		{83DFDDE9-6FBB-4A87-BFA4-A90656504C60}.Debug|Any CPU.ActiveCfg = Debug|Any CPU
		{83DFDDE9-6FBB-4A87-BFA4-A90656504C60}.Debug|Any CPU.Build.0 = Debug|Any CPU
		{83DFDDE9-6FBB-4A87-BFA4-A90656504C60}.Release|Any CPU.ActiveCfg = Release|Any CPU
		{83DFDDE9-6FBB-4A87-BFA4-A90656504C60}.Release|Any CPU.Build.0 = Release|Any CPU
	EndGlobalSection
	GlobalSection(SolutionProperties) = preSolution
		HideSolutionNode = FALSE
	EndGlobalSection
EndGlobal
