
Microsoft Visual Studio Solution File, Format Version 12.00
# Visual Studio 2013
VisualStudioVersion = 12.0.31101.0
MinimumVisualStudioVersion = 10.0.40219.1
Project("{FAE04EC0-301F-11D3-BF4B-00C04F79EFBC}") = "GOB.SPF.ConecII.Amatzin.AccessData", "GOB.SPF.ConecII.Amatzin.AccessData\GOB.SPF.ConecII.Amatzin.AccessData.csproj", "{184D1AFD-C285-4FEE-B634-6F464C320497}"
EndProject
Project("{FAE04EC0-301F-11D3-BF4B-00C04F79EFBC}") = "GOB.SPF.ConecII.Amatzin.Business", "GOB.SPF.ConecII.Amatzin.Business\GOB.SPF.ConecII.Amatzin.Business.csproj", "{A42AEDD5-6663-495B-B989-C5D5C7CC34BC}"
EndProject
Project("{FAE04EC0-301F-11D3-BF4B-00C04F79EFBC}") = "GOB.SPF.ConecII.Amatzin.Entities", "GOB.SPF.ConecII.Amatzin.Entities\GOB.SPF.ConecII.Amatzin.Entities.csproj", "{182D5144-53EB-4A82-BF5F-8F504069F3E9}"
EndProject
Project("{FAE04EC0-301F-11D3-BF4B-00C04F79EFBC}") = "GOB.SPF.ConecII.Amatzin.Services", "GOB.SPF.ConecII.Amatzin.Services\GOB.SPF.ConecII.Amatzin.Services.csproj", "{B7F9B96A-345F-4B24-8F64-FC30BF4D781F}"
EndProject
Project("{FAE04EC0-301F-11D3-BF4B-00C04F79EFBC}") = "GOB.SPF.ConecII.Amatzin.Core", "GOB.SPF.ConecII.Amatzin.Core\GOB.SPF.ConecII.Amatzin.Core.csproj", "{BDDE475F-62FE-42E8-9898-29528F8FC773}"
EndProject
Global
	GlobalSection(TeamFoundationVersionControl) = preSolution
		SccNumberOfProjects = 6
		SccEnterpriseProvider = {4CA58AB2-18FA-4F8D-95D4-32DDF27D184C}
		SccTeamFoundationServer = http://10.247.182.33:8080/tfs/indra_segob
		SccLocalPath0 = .
		SccProjectUniqueName1 = GOB.SPF.ConecII.Amatzin.AccessData\\GOB.SPF.ConecII.Amatzin.AccessData.csproj
		SccProjectName1 = GOB.SPF.ConecII.Amatzin.AccessData
		SccLocalPath1 = GOB.SPF.ConecII.Amatzin.AccessData
		SccProjectUniqueName2 = GOB.SPF.ConecII.Amatzin.Business\\GOB.SPF.ConecII.Amatzin.Business.csproj
		SccProjectName2 = GOB.SPF.ConecII.Amatzin.Business
		SccLocalPath2 = GOB.SPF.ConecII.Amatzin.Business
		SccProjectUniqueName3 = GOB.SPF.ConecII.Amatzin.Core\\GOB.SPF.ConecII.Amatzin.Core.csproj
		SccProjectName3 = GOB.SPF.ConecII.Amatzin.Core
		SccLocalPath3 = GOB.SPF.ConecII.Amatzin.Core
		SccProjectUniqueName4 = GOB.SPF.ConecII.Amatzin.Entities\\GOB.SPF.ConecII.Amatzin.Entities.csproj
		SccProjectName4 = GOB.SPF.ConecII.Amatzin.Entities
		SccLocalPath4 = GOB.SPF.ConecII.Amatzin.Entities
		SccProjectUniqueName5 = GOB.SPF.ConecII.Amatzin.Services\\GOB.SPF.ConecII.Amatzin.Services.csproj
		SccProjectName5 = GOB.SPF.ConecII.Amatzin.Services
		SccLocalPath5 = GOB.SPF.ConecII.Amatzin.Services
	EndGlobalSection
	GlobalSection(SolutionConfigurationPlatforms) = preSolution
		Debug|Any CPU = Debug|Any CPU
		Release|Any CPU = Release|Any CPU
	EndGlobalSection
	GlobalSection(ProjectConfigurationPlatforms) = postSolution
		{184D1AFD-C285-4FEE-B634-6F464C320497}.Debug|Any CPU.ActiveCfg = Debug|Any CPU
		{184D1AFD-C285-4FEE-B634-6F464C320497}.Debug|Any CPU.Build.0 = Debug|Any CPU
		{184D1AFD-C285-4FEE-B634-6F464C320497}.Release|Any CPU.ActiveCfg = Release|Any CPU
		{184D1AFD-C285-4FEE-B634-6F464C320497}.Release|Any CPU.Build.0 = Release|Any CPU
		{A42AEDD5-6663-495B-B989-C5D5C7CC34BC}.Debug|Any CPU.ActiveCfg = Debug|Any CPU
		{A42AEDD5-6663-495B-B989-C5D5C7CC34BC}.Debug|Any CPU.Build.0 = Debug|Any CPU
		{A42AEDD5-6663-495B-B989-C5D5C7CC34BC}.Release|Any CPU.ActiveCfg = Release|Any CPU
		{A42AEDD5-6663-495B-B989-C5D5C7CC34BC}.Release|Any CPU.Build.0 = Release|Any CPU
		{182D5144-53EB-4A82-BF5F-8F504069F3E9}.Debug|Any CPU.ActiveCfg = Debug|Any CPU
		{182D5144-53EB-4A82-BF5F-8F504069F3E9}.Debug|Any CPU.Build.0 = Debug|Any CPU
		{182D5144-53EB-4A82-BF5F-8F504069F3E9}.Release|Any CPU.ActiveCfg = Release|Any CPU
		{182D5144-53EB-4A82-BF5F-8F504069F3E9}.Release|Any CPU.Build.0 = Release|Any CPU
		{B7F9B96A-345F-4B24-8F64-FC30BF4D781F}.Debug|Any CPU.ActiveCfg = Debug|Any CPU
		{B7F9B96A-345F-4B24-8F64-FC30BF4D781F}.Debug|Any CPU.Build.0 = Debug|Any CPU
		{B7F9B96A-345F-4B24-8F64-FC30BF4D781F}.Release|Any CPU.ActiveCfg = Release|Any CPU
		{B7F9B96A-345F-4B24-8F64-FC30BF4D781F}.Release|Any CPU.Build.0 = Release|Any CPU
		{BDDE475F-62FE-42E8-9898-29528F8FC773}.Debug|Any CPU.ActiveCfg = Debug|Any CPU
		{BDDE475F-62FE-42E8-9898-29528F8FC773}.Debug|Any CPU.Build.0 = Debug|Any CPU
		{BDDE475F-62FE-42E8-9898-29528F8FC773}.Release|Any CPU.ActiveCfg = Release|Any CPU
		{BDDE475F-62FE-42E8-9898-29528F8FC773}.Release|Any CPU.Build.0 = Release|Any CPU
	EndGlobalSection
	GlobalSection(SolutionProperties) = preSolution
		HideSolutionNode = FALSE
	EndGlobalSection
EndGlobal
