
Microsoft Visual Studio Solution File, Format Version 12.00
# Visual Studio 14
VisualStudioVersion = 14.0.25420.1
MinimumVisualStudioVersion = 10.0.40219.1
Project("{2150E333-8FDC-42A3-9474-1A3956D46DE8}") = "src", "src", "{86DAE3FB-2117-47DE-88C9-E1BEA767802F}"
EndProject
Project("{2150E333-8FDC-42A3-9474-1A3956D46DE8}") = "Solution Items", "Solution Items", "{EE90D46E-2E06-41C4-8A51-1AAC4EC7F33A}"
	ProjectSection(SolutionItems) = preProject
		global.json = global.json
	EndProjectSection
EndProject
Project("{8BB2217D-0F2D-49D1-97BC-3654ED321F3B}") = "ExamenMvc.Site", "src\ExamenMvc.Site\ExamenMvc.Site.xproj", "{62FCFBCE-1E3B-43E4-A785-C9197D4206A0}"
EndProject
Global
	GlobalSection(SolutionConfigurationPlatforms) = preSolution
		Debug|Any CPU = Debug|Any CPU
		Release|Any CPU = Release|Any CPU
	EndGlobalSection
	GlobalSection(ProjectConfigurationPlatforms) = postSolution
		{62FCFBCE-1E3B-43E4-A785-C9197D4206A0}.Debug|Any CPU.ActiveCfg = Debug|Any CPU
		{62FCFBCE-1E3B-43E4-A785-C9197D4206A0}.Debug|Any CPU.Build.0 = Debug|Any CPU
		{62FCFBCE-1E3B-43E4-A785-C9197D4206A0}.Release|Any CPU.ActiveCfg = Release|Any CPU
		{62FCFBCE-1E3B-43E4-A785-C9197D4206A0}.Release|Any CPU.Build.0 = Release|Any CPU
	EndGlobalSection
	GlobalSection(SolutionProperties) = preSolution
		HideSolutionNode = FALSE
	EndGlobalSection
	GlobalSection(NestedProjects) = preSolution
		{62FCFBCE-1E3B-43E4-A785-C9197D4206A0} = {86DAE3FB-2117-47DE-88C9-E1BEA767802F}
	EndGlobalSection
EndGlobal
