
Microsoft Visual Studio Solution File, Format Version 12.00
# Visual Studio 15
VisualStudioVersion = 15.0.26430.12
MinimumVisualStudioVersion = 10.0.40219.1
Project("{FAE04EC0-301F-11D3-BF4B-00C04F79EFBC}") = "ExamenMvcAdo.AccessData", "ExamenMvcAdo.AccessData\ExamenMvcAdo.AccessData.csproj", "{245DFE77-835D-4166-87FD-1FF5907E4F26}"
EndProject
Project("{FAE04EC0-301F-11D3-BF4B-00C04F79EFBC}") = "ExamenMvcAdo.BusinessLogic", "ExamenMvcAdo.BusinessLogic\ExamenMvcAdo.BusinessLogic.csproj", "{D126C331-49A1-42BA-AE7F-B482204BCD57}"
EndProject
Project("{FAE04EC0-301F-11D3-BF4B-00C04F79EFBC}") = "ExamenMvcAdo.Modelos", "ExamenMvcAdo.Modelos\ExamenMvcAdo.Modelos.csproj", "{2CC897D9-5004-43A7-B520-3348AE367228}"
EndProject
Project("{FAE04EC0-301F-11D3-BF4B-00C04F79EFBC}") = "ExamenMvcAdo.Services", "ExamenMvcAdo.Services\ExamenMvcAdo.Services.csproj", "{B23E1B7F-8CF3-4BD8-8283-E48086C62888}"
EndProject
Project("{FAE04EC0-301F-11D3-BF4B-00C04F79EFBC}") = "ExamenMvcAdo.GateService", "ExamenMvcAdo.GateService\ExamenMvcAdo.GateService.csproj", "{700FF372-84CE-4E3B-A330-6336D54C677A}"
EndProject
Project("{FAE04EC0-301F-11D3-BF4B-00C04F79EFBC}") = "ExamenMvcAdo.Site", "ExamenMvcAdo.Site\ExamenMvcAdo.Site.csproj", "{4A2A6542-3076-48A8-9A08-B02DBC48F107}"
EndProject
Project("{00D1A9C2-B5F0-4AF3-8072-F6C62B433612}") = "ExamenMvcAdo.DataBaseLayer", "ExamenMvcAdo.DataBaseLayer\ExamenMvcAdo.DataBaseLayer.sqlproj", "{C99AD5C6-38F3-4492-8B9D-49AD281ACA0F}"
EndProject
Global
	GlobalSection(SolutionConfigurationPlatforms) = preSolution
		Debug|Any CPU = Debug|Any CPU
		Release|Any CPU = Release|Any CPU
	EndGlobalSection
	GlobalSection(ProjectConfigurationPlatforms) = postSolution
		{245DFE77-835D-4166-87FD-1FF5907E4F26}.Debug|Any CPU.ActiveCfg = Debug|Any CPU
		{245DFE77-835D-4166-87FD-1FF5907E4F26}.Debug|Any CPU.Build.0 = Debug|Any CPU
		{245DFE77-835D-4166-87FD-1FF5907E4F26}.Release|Any CPU.ActiveCfg = Release|Any CPU
		{245DFE77-835D-4166-87FD-1FF5907E4F26}.Release|Any CPU.Build.0 = Release|Any CPU
		{D126C331-49A1-42BA-AE7F-B482204BCD57}.Debug|Any CPU.ActiveCfg = Debug|Any CPU
		{D126C331-49A1-42BA-AE7F-B482204BCD57}.Debug|Any CPU.Build.0 = Debug|Any CPU
		{D126C331-49A1-42BA-AE7F-B482204BCD57}.Release|Any CPU.ActiveCfg = Release|Any CPU
		{D126C331-49A1-42BA-AE7F-B482204BCD57}.Release|Any CPU.Build.0 = Release|Any CPU
		{2CC897D9-5004-43A7-B520-3348AE367228}.Debug|Any CPU.ActiveCfg = Debug|Any CPU
		{2CC897D9-5004-43A7-B520-3348AE367228}.Debug|Any CPU.Build.0 = Debug|Any CPU
		{2CC897D9-5004-43A7-B520-3348AE367228}.Release|Any CPU.ActiveCfg = Release|Any CPU
		{2CC897D9-5004-43A7-B520-3348AE367228}.Release|Any CPU.Build.0 = Release|Any CPU
		{B23E1B7F-8CF3-4BD8-8283-E48086C62888}.Debug|Any CPU.ActiveCfg = Debug|Any CPU
		{B23E1B7F-8CF3-4BD8-8283-E48086C62888}.Debug|Any CPU.Build.0 = Debug|Any CPU
		{B23E1B7F-8CF3-4BD8-8283-E48086C62888}.Release|Any CPU.ActiveCfg = Release|Any CPU
		{B23E1B7F-8CF3-4BD8-8283-E48086C62888}.Release|Any CPU.Build.0 = Release|Any CPU
		{700FF372-84CE-4E3B-A330-6336D54C677A}.Debug|Any CPU.ActiveCfg = Debug|Any CPU
		{700FF372-84CE-4E3B-A330-6336D54C677A}.Debug|Any CPU.Build.0 = Debug|Any CPU
		{700FF372-84CE-4E3B-A330-6336D54C677A}.Release|Any CPU.ActiveCfg = Release|Any CPU
		{700FF372-84CE-4E3B-A330-6336D54C677A}.Release|Any CPU.Build.0 = Release|Any CPU
		{4A2A6542-3076-48A8-9A08-B02DBC48F107}.Debug|Any CPU.ActiveCfg = Debug|Any CPU
		{4A2A6542-3076-48A8-9A08-B02DBC48F107}.Debug|Any CPU.Build.0 = Debug|Any CPU
		{4A2A6542-3076-48A8-9A08-B02DBC48F107}.Release|Any CPU.ActiveCfg = Release|Any CPU
		{4A2A6542-3076-48A8-9A08-B02DBC48F107}.Release|Any CPU.Build.0 = Release|Any CPU
		{C99AD5C6-38F3-4492-8B9D-49AD281ACA0F}.Debug|Any CPU.ActiveCfg = Debug|Any CPU
		{C99AD5C6-38F3-4492-8B9D-49AD281ACA0F}.Debug|Any CPU.Build.0 = Debug|Any CPU
		{C99AD5C6-38F3-4492-8B9D-49AD281ACA0F}.Debug|Any CPU.Deploy.0 = Debug|Any CPU
		{C99AD5C6-38F3-4492-8B9D-49AD281ACA0F}.Release|Any CPU.ActiveCfg = Release|Any CPU
		{C99AD5C6-38F3-4492-8B9D-49AD281ACA0F}.Release|Any CPU.Build.0 = Release|Any CPU
		{C99AD5C6-38F3-4492-8B9D-49AD281ACA0F}.Release|Any CPU.Deploy.0 = Release|Any CPU
	EndGlobalSection
	GlobalSection(SolutionProperties) = preSolution
		HideSolutionNode = FALSE
	EndGlobalSection
EndGlobal
