
Microsoft Visual Studio Solution File, Format Version 12.00
# Visual Studio 15
VisualStudioVersion = 15.0.27130.2027
MinimumVisualStudioVersion = 10.0.40219.1
Project("{FAE04EC0-301F-11D3-BF4B-00C04F79EFBC}") = "ExamenWebApiMvcEf.DataAccess", "ExamenWebApiMvcEf.DataAccess\ExamenWebApiMvcEf.DataAccess.csproj", "{4D81DAF5-733B-4554-9D17-F6BA4784FF31}"
EndProject
Project("{FAE04EC0-301F-11D3-BF4B-00C04F79EFBC}") = "ExamenWebApiMvcEf.BusinessLogic", "ExamenWebApiMvcEf.BusinessLogic\ExamenWebApiMvcEf.BusinessLogic.csproj", "{B5470351-84C0-4048-AB02-31DFA3E8EFE0}"
EndProject
Project("{FAE04EC0-301F-11D3-BF4B-00C04F79EFBC}") = "ExamenWebApiMvcEf.Models", "ExamenWebApiMvcEf.Models\ExamenWebApiMvcEf.Models.csproj", "{D2F18664-8B33-4B5C-BA8E-8CAD5A2BE0C4}"
EndProject
Project("{FAE04EC0-301F-11D3-BF4B-00C04F79EFBC}") = "ExamenWebApiMvcEf.Services", "ExamenWebApiMvcEf.Services\ExamenWebApiMvcEf.Services.csproj", "{77145CCA-B6F8-46D8-88AA-CEFF23977AF1}"
EndProject
Global
	GlobalSection(SolutionConfigurationPlatforms) = preSolution
		Debug|Any CPU = Debug|Any CPU
		Release|Any CPU = Release|Any CPU
	EndGlobalSection
	GlobalSection(ProjectConfigurationPlatforms) = postSolution
		{4D81DAF5-733B-4554-9D17-F6BA4784FF31}.Debug|Any CPU.ActiveCfg = Debug|Any CPU
		{4D81DAF5-733B-4554-9D17-F6BA4784FF31}.Debug|Any CPU.Build.0 = Debug|Any CPU
		{4D81DAF5-733B-4554-9D17-F6BA4784FF31}.Release|Any CPU.ActiveCfg = Release|Any CPU
		{4D81DAF5-733B-4554-9D17-F6BA4784FF31}.Release|Any CPU.Build.0 = Release|Any CPU
		{B5470351-84C0-4048-AB02-31DFA3E8EFE0}.Debug|Any CPU.ActiveCfg = Debug|Any CPU
		{B5470351-84C0-4048-AB02-31DFA3E8EFE0}.Debug|Any CPU.Build.0 = Debug|Any CPU
		{B5470351-84C0-4048-AB02-31DFA3E8EFE0}.Release|Any CPU.ActiveCfg = Release|Any CPU
		{B5470351-84C0-4048-AB02-31DFA3E8EFE0}.Release|Any CPU.Build.0 = Release|Any CPU
		{D2F18664-8B33-4B5C-BA8E-8CAD5A2BE0C4}.Debug|Any CPU.ActiveCfg = Debug|Any CPU
		{D2F18664-8B33-4B5C-BA8E-8CAD5A2BE0C4}.Debug|Any CPU.Build.0 = Debug|Any CPU
		{D2F18664-8B33-4B5C-BA8E-8CAD5A2BE0C4}.Release|Any CPU.ActiveCfg = Release|Any CPU
		{D2F18664-8B33-4B5C-BA8E-8CAD5A2BE0C4}.Release|Any CPU.Build.0 = Release|Any CPU
		{77145CCA-B6F8-46D8-88AA-CEFF23977AF1}.Debug|Any CPU.ActiveCfg = Debug|Any CPU
		{77145CCA-B6F8-46D8-88AA-CEFF23977AF1}.Debug|Any CPU.Build.0 = Debug|Any CPU
		{77145CCA-B6F8-46D8-88AA-CEFF23977AF1}.Release|Any CPU.ActiveCfg = Release|Any CPU
		{77145CCA-B6F8-46D8-88AA-CEFF23977AF1}.Release|Any CPU.Build.0 = Release|Any CPU
	EndGlobalSection
	GlobalSection(SolutionProperties) = preSolution
		HideSolutionNode = FALSE
	EndGlobalSection
	GlobalSection(ExtensibilityGlobals) = postSolution
		SolutionGuid = {C42B506F-B090-4CF0-BDA5-E87DAA6B0389}
	EndGlobalSection
EndGlobal
