
Microsoft Visual Studio Solution File, Format Version 12.00
# Visual Studio 15
VisualStudioVersion = 15.0.27130.2027
MinimumVisualStudioVersion = 10.0.40219.1
Project("{FAE04EC0-301F-11D3-BF4B-00C04F79EFBC}") = "ExamenMvcEf.DataAccess", "ExamenMvcEf.DataAccess\ExamenMvcEf.DataAccess.csproj", "{625ED026-1781-4A5D-BA1F-B52B03E1536B}"
EndProject
Project("{00D1A9C2-B5F0-4AF3-8072-F6C62B433612}") = "ExamenMvcEf.DataBase", "ExamenMvcEf.DataBase\ExamenMvcEf.DataBase.sqlproj", "{40AD8EAC-697E-45D3-81EE-06ED4132CD2C}"
EndProject
Project("{FAE04EC0-301F-11D3-BF4B-00C04F79EFBC}") = "ExamenMvcEf.Models", "ExamenMvcEf.Models\ExamenMvcEf.Models.csproj", "{003F43DF-1CAE-49B1-ABEB-7008AA1C8EF6}"
EndProject
Project("{FAE04EC0-301F-11D3-BF4B-00C04F79EFBC}") = "ExamenMvcEf.BusinessLogic", "ExamenMvcEf.BusinessLogic\ExamenMvcEf.BusinessLogic.csproj", "{F98D8948-97EF-4B07-BA6F-AD2B5B428C2A}"
EndProject
Project("{FAE04EC0-301F-11D3-BF4B-00C04F79EFBC}") = "ExamenMvcEf.Services", "ExamenMvcEf.Services\ExamenMvcEf.Services.csproj", "{23A2E837-0BCD-47F2-BF4B-2DED27A09474}"
EndProject
Project("{FAE04EC0-301F-11D3-BF4B-00C04F79EFBC}") = "ExamenMvcEf.Services.Tests", "ExamenMvcEf.Services.Tests\ExamenMvcEf.Services.Tests.csproj", "{C81B75AC-BB20-497C-A189-2F63E15B7B08}"
EndProject
Project("{FAE04EC0-301F-11D3-BF4B-00C04F79EFBC}") = "ExamenMvcEf.Helpers", "ExamenMvcEf.Helpers\ExamenMvcEf.Helpers.csproj", "{646B20EC-19C2-48B8-BB99-26CF05F00EBF}"
EndProject
Project("{FAE04EC0-301F-11D3-BF4B-00C04F79EFBC}") = "ExamenMvcEf.ServiceRestful", "ExamenMvcEf.ServiceRestful\ExamenMvcEf.ServiceRestful.csproj", "{DB0B40F0-3C53-4F42-8722-7AE49C3FFBFB}"
EndProject
Global
	GlobalSection(SolutionConfigurationPlatforms) = preSolution
		Debug|Any CPU = Debug|Any CPU
		Release|Any CPU = Release|Any CPU
	EndGlobalSection
	GlobalSection(ProjectConfigurationPlatforms) = postSolution
		{625ED026-1781-4A5D-BA1F-B52B03E1536B}.Debug|Any CPU.ActiveCfg = Debug|Any CPU
		{625ED026-1781-4A5D-BA1F-B52B03E1536B}.Debug|Any CPU.Build.0 = Debug|Any CPU
		{625ED026-1781-4A5D-BA1F-B52B03E1536B}.Release|Any CPU.ActiveCfg = Release|Any CPU
		{625ED026-1781-4A5D-BA1F-B52B03E1536B}.Release|Any CPU.Build.0 = Release|Any CPU
		{40AD8EAC-697E-45D3-81EE-06ED4132CD2C}.Debug|Any CPU.ActiveCfg = Debug|Any CPU
		{40AD8EAC-697E-45D3-81EE-06ED4132CD2C}.Debug|Any CPU.Build.0 = Debug|Any CPU
		{40AD8EAC-697E-45D3-81EE-06ED4132CD2C}.Debug|Any CPU.Deploy.0 = Debug|Any CPU
		{40AD8EAC-697E-45D3-81EE-06ED4132CD2C}.Release|Any CPU.ActiveCfg = Release|Any CPU
		{40AD8EAC-697E-45D3-81EE-06ED4132CD2C}.Release|Any CPU.Build.0 = Release|Any CPU
		{40AD8EAC-697E-45D3-81EE-06ED4132CD2C}.Release|Any CPU.Deploy.0 = Release|Any CPU
		{003F43DF-1CAE-49B1-ABEB-7008AA1C8EF6}.Debug|Any CPU.ActiveCfg = Debug|Any CPU
		{003F43DF-1CAE-49B1-ABEB-7008AA1C8EF6}.Debug|Any CPU.Build.0 = Debug|Any CPU
		{003F43DF-1CAE-49B1-ABEB-7008AA1C8EF6}.Release|Any CPU.ActiveCfg = Release|Any CPU
		{003F43DF-1CAE-49B1-ABEB-7008AA1C8EF6}.Release|Any CPU.Build.0 = Release|Any CPU
		{F98D8948-97EF-4B07-BA6F-AD2B5B428C2A}.Debug|Any CPU.ActiveCfg = Debug|Any CPU
		{F98D8948-97EF-4B07-BA6F-AD2B5B428C2A}.Debug|Any CPU.Build.0 = Debug|Any CPU
		{F98D8948-97EF-4B07-BA6F-AD2B5B428C2A}.Release|Any CPU.ActiveCfg = Release|Any CPU
		{F98D8948-97EF-4B07-BA6F-AD2B5B428C2A}.Release|Any CPU.Build.0 = Release|Any CPU
		{23A2E837-0BCD-47F2-BF4B-2DED27A09474}.Debug|Any CPU.ActiveCfg = Debug|Any CPU
		{23A2E837-0BCD-47F2-BF4B-2DED27A09474}.Debug|Any CPU.Build.0 = Debug|Any CPU
		{23A2E837-0BCD-47F2-BF4B-2DED27A09474}.Release|Any CPU.ActiveCfg = Release|Any CPU
		{23A2E837-0BCD-47F2-BF4B-2DED27A09474}.Release|Any CPU.Build.0 = Release|Any CPU
		{C81B75AC-BB20-497C-A189-2F63E15B7B08}.Debug|Any CPU.ActiveCfg = Debug|Any CPU
		{C81B75AC-BB20-497C-A189-2F63E15B7B08}.Debug|Any CPU.Build.0 = Debug|Any CPU
		{C81B75AC-BB20-497C-A189-2F63E15B7B08}.Release|Any CPU.ActiveCfg = Release|Any CPU
		{C81B75AC-BB20-497C-A189-2F63E15B7B08}.Release|Any CPU.Build.0 = Release|Any CPU
		{646B20EC-19C2-48B8-BB99-26CF05F00EBF}.Debug|Any CPU.ActiveCfg = Debug|Any CPU
		{646B20EC-19C2-48B8-BB99-26CF05F00EBF}.Debug|Any CPU.Build.0 = Debug|Any CPU
		{646B20EC-19C2-48B8-BB99-26CF05F00EBF}.Release|Any CPU.ActiveCfg = Release|Any CPU
		{646B20EC-19C2-48B8-BB99-26CF05F00EBF}.Release|Any CPU.Build.0 = Release|Any CPU
		{DB0B40F0-3C53-4F42-8722-7AE49C3FFBFB}.Debug|Any CPU.ActiveCfg = Debug|Any CPU
		{DB0B40F0-3C53-4F42-8722-7AE49C3FFBFB}.Debug|Any CPU.Build.0 = Debug|Any CPU
		{DB0B40F0-3C53-4F42-8722-7AE49C3FFBFB}.Release|Any CPU.ActiveCfg = Release|Any CPU
		{DB0B40F0-3C53-4F42-8722-7AE49C3FFBFB}.Release|Any CPU.Build.0 = Release|Any CPU
	EndGlobalSection
	GlobalSection(SolutionProperties) = preSolution
		HideSolutionNode = FALSE
	EndGlobalSection
	GlobalSection(ExtensibilityGlobals) = postSolution
		SolutionGuid = {CF8B2A6E-8150-48D0-8DEB-50382EA94B9D}
	EndGlobalSection
EndGlobal
